PODS:
  - FLAnimatedImage (1.0.12)
  - FMDB (2.7.5):
    - FMDB/standard (= 2.7.5)
  - FMDB/standard (2.7.5)
  - LookinServer (1.0.0)
  - Masonry (1.1.0)
  - PLCrashReporter (1.10.0)
  - ReactiveObjC (3.1.1)
  - RxCocoa (5.1.0):
    - RxRelay (~> 5)
    - RxSwift (~> 5)
  - RxRelay (5.1.0):
    - RxSwift (~> 5)
  - RxSwift (5.1.0)
  - SDWebImage (5.10.0):
    - SDWebImage/Core (= 5.10.0)
  - SDWebImage/Core (5.10.0)
  - Yoga (1.14.0)
  - YogaKit (1.18.1):
    - Yoga (~> 1.14)
  - YYText (1.0.7)

DEPENDENCIES:
  - FLAnimatedImage
  - FMDB (~> 2.7.5)
  - LookinServer
  - Masonry
  - PLCrashReporter
  - ReactiveObjC (~> 3.1.1)
  - RxCocoa
  - RxSwift
  - SDWebImage
  - Yoga (from `./Yoga`)
  - YogaKit (from `./YogaKit`)
  - YYText

SPEC REPOS:
  https://github.com/CocoaPods/Specs.git:
    - FLAnimatedImage
    - FMDB
    - PLCrashReporter
    - RxCocoa
    - RxRelay
    - SDWebImage
  trunk:
    - LookinServer
    - Masonry
    - ReactiveObjC
    - RxSwift
    - YYText

EXTERNAL SOURCES:
  Yoga:
    :path: "./Yoga"
  YogaKit:
    :path: "./YogaKit"

SPEC CHECKSUMS:
  FLAnimatedImage: 4a0b56255d9b05f18b6dd7ee06871be5d3b89e31
  FMDB: 2ce00b547f966261cd18927a3ddb07cb6f3db82a
  LookinServer: 0002891cd3cec5e082a910e897dfe71b4f06b89e
  Masonry: 678fab65091a9290e40e2832a55e7ab731aad201
  PLCrashReporter: b8c81dcdb3dd7c4247c00b95ada1f1b37d53fde8
  ReactiveObjC: 011caa393aa0383245f2dcf9bf02e86b80b36040
  RxCocoa: 13d2a4d7546a34b8ececae8c281e4ea1dbb94f2b
  RxRelay: a168bd6caf712d00c676ac344e9295afc93b418e
  RxSwift: ad5874f24bb0dbffd1e9bb8443604e3578796c7a
  SDWebImage: 9169792e9eec3e45bba2a0c02f74bf8bd922d1ee
  Yoga: b130e399352ced9afb7adfaba58e8af1a473e709
  YogaKit: f782866e155069a2cca2517aafea43200b01fd5a
  YYText: 5c461d709e24d55a182d1441c41dc639a18a4849

PODFILE CHECKSUM: 4034a3f4bb0fd11ee742fa31efce4ad221587b99

COCOAPODS: 1.11.2
