PODS:
  - FLAnimatedImage (1.0.17)
  - FMDB (2.7.5):
    - FMDB/standard (= 2.7.5)
  - FMDB/standard (2.7.5)
  - LookinServer (1.1.7):
    - LookinServer/Core (= 1.1.7)
  - LookinServer/Core (1.1.7)
  - Masonry (1.1.0)
  - MJRefresh (3.7.5)
  - PLCrashReporter (1.11.1)
  - ReactiveObjC (3.1.1)
  - RxCocoa (6.5.0):
    - RxRelay (= 6.5.0)
    - RxSwift (= 6.5.0)
  - RxRelay (6.5.0):
    - RxSwift (= 6.5.0)
  - RxSwift (6.5.0)
  - SDWebImage (5.17.0):
    - SDWebImage/Core (= 5.17.0)
  - SDWebImage/Core (5.17.0)
  - SnapKit (5.7.1)
  - YYText (1.0.7)

DEPENDENCIES:
  - FLAnimatedImage
  - FMDB (~> 2.7.5)
  - LookinServer
  - Masonry
  - MJRefresh
  - PLCrashReporter
  - ReactiveObjC (from `./ReactiveObjC`)
  - RxCocoa
  - RxSwift
  - SDWebImage
  - SnapKit
  - YYText

SPEC REPOS:
  trunk:
    - FLAnimatedImage
    - FMDB
    - LookinServer
    - Masonry
    - MJRefresh
    - PLCrashReporter
    - RxCocoa
    - RxRelay
    - RxSwift
    - SDWebImage
    - SnapKit
    - YYText

EXTERNAL SOURCES:
  ReactiveObjC:
    :path: "./ReactiveObjC"

SPEC CHECKSUMS:
  FLAnimatedImage: bbf914596368867157cc71b38a8ec834b3eeb32b
  FMDB: 2ce00b547f966261cd18927a3ddb07cb6f3db82a
  LookinServer: 4ce0469b066871525611d009d8d16a7a50c23491
  Masonry: 678fab65091a9290e40e2832a55e7ab731aad201
  MJRefresh: fdf5e979eb406a0341468932d1dfc8b7f9fce961
  PLCrashReporter: 5d2d3967afe0efad61b3048d617e2199a5d1b787
  ReactiveObjC: 011caa393aa0383245f2dcf9bf02e86b80b36040
  RxCocoa: 94f817b71c07517321eb4f9ad299112ca8af743b
  RxRelay: 1de1523e604c72b6c68feadedd1af3b1b4d0ecbd
  RxSwift: 5710a9e6b17f3c3d6e40d6e559b9fa1e813b2ef8
  SDWebImage: 750adf017a315a280c60fde706ab1e552a3ae4e9
  SnapKit: d612e99e678a2d3b95bf60b0705ed0a35c03484a
  YYText: 5c461d709e24d55a182d1441c41dc639a18a4849

PODFILE CHECKSUM: d1703d18c2e673f70de1fedee72a9b266d60d965

COCOAPODS: 1.15.2
