// !$*UTF8*$!
{
	archiveVersion = 1;
	classes = {
	};
	objectVersion = 50;
	objects = {

/* Begin PBXBuildFile section */
		37FBC0A0314040FFB7A51064 /* libPods-KVOTestModel.a in Frameworks */ = {isa = PBXBuildFile; fileRef = 4E631DEFA014AA2CB18B3C8B /* libPods-KVOTestModel.a */; };
		3807427624B6B69C00968CF5 /* QDBaseSearchViewController.m in Sources */ = {isa = PBXBuildFile; fileRef = 3807427424B6B69C00968CF5 /* QDBaseSearchViewController.m */; };
		3807427924B6B6E700968CF5 /* QDUISearchBar.m in Sources */ = {isa = PBXBuildFile; fileRef = 3807427824B6B6E700968CF5 /* QDUISearchBar.m */; };
		3807428024B6F10C00968CF5 /* QDSearchResultModel.m in Sources */ = {isa = PBXBuildFile; fileRef = 3807427F24B6F10C00968CF5 /* QDSearchResultModel.m */; };
		3807428324B7185D00968CF5 /* QDSearchResultCell.m in Sources */ = {isa = PBXBuildFile; fileRef = 3807428224B7185D00968CF5 /* QDSearchResultCell.m */; };
		380742C024B8174100968CF5 /* ZJBaseViewController.m in Sources */ = {isa = PBXBuildFile; fileRef = 380742BF24B8174100968CF5 /* ZJBaseViewController.m */; };
		380742C324B81ED200968CF5 /* QDUISearchResultView.m in Sources */ = {isa = PBXBuildFile; fileRef = 380742C224B81ED200968CF5 /* QDUISearchResultView.m */; };
		380742C924B8202C00968CF5 /* QDUISearchEmptyView.m in Sources */ = {isa = PBXBuildFile; fileRef = 380742C824B8202C00968CF5 /* QDUISearchEmptyView.m */; };
		380742CD24B8588900968CF5 /* UIButton+ChangeImagePosition.m in Sources */ = {isa = PBXBuildFile; fileRef = 380742CC24B8588900968CF5 /* UIButton+ChangeImagePosition.m */; };
		380B2B9025C2A003001EAF3F /* TestBlockViewController.m in Sources */ = {isa = PBXBuildFile; fileRef = 380B2B8F25C2A003001EAF3F /* TestBlockViewController.m */; };
		380B2B9425C2A235001EAF3F /* BlockModelTest.m in Sources */ = {isa = PBXBuildFile; fileRef = 380B2B9325C2A235001EAF3F /* BlockModelTest.m */; };
		382A1ADA2445C9C70017EA2B /* QQLockDictionary.m in Sources */ = {isa = PBXBuildFile; fileRef = 382A1AD82445C9C70017EA2B /* QQLockDictionary.m */; };
		383B11CE23975FF000E9DCB9 /* benchmark.cpp in Sources */ = {isa = PBXBuildFile; fileRef = 383B11CD23975FEF00E9DCB9 /* benchmark.cpp */; };
		383B11F123978E6F00E9DCB9 /* DebenDataManager.m in Sources */ = {isa = PBXBuildFile; fileRef = 383B11F023978E6F00E9DCB9 /* DebenDataManager.m */; };
		383B11F3239793F500E9DCB9 /* qt_data.db in Resources */ = {isa = PBXBuildFile; fileRef = 383B11F2239793F400E9DCB9 /* qt_data.db */; };
		383B11FE2398A3A600E9DCB9 /* CorasickTreeManager.mm in Sources */ = {isa = PBXBuildFile; fileRef = 383B11FD2398A3A600E9DCB9 /* CorasickTreeManager.mm */; };
		383B12012398A82800E9DCB9 /* SortCodeManager.m in Sources */ = {isa = PBXBuildFile; fileRef = 383B12002398A82800E9DCB9 /* SortCodeManager.m */; };
		386B3DCE254A69910063DF3C /* ConfigurationViewController.m in Sources */ = {isa = PBXBuildFile; fileRef = 386B3DCD254A69910063DF3C /* ConfigurationViewController.m */; };
		386B3DD2254A69BB0063DF3C /* TestConfigurationCell.m in Sources */ = {isa = PBXBuildFile; fileRef = 386B3DD1254A69BB0063DF3C /* TestConfigurationCell.m */; };
		38980BBA253056DD00F75BB4 /* ClassTestViewController.m in Sources */ = {isa = PBXBuildFile; fileRef = 38980BB9253056DD00F75BB4 /* ClassTestViewController.m */; };
		389A751723502DD500DDBE6C /* AppDelegate.m in Sources */ = {isa = PBXBuildFile; fileRef = 389A751623502DD500DDBE6C /* AppDelegate.m */; };
		389A751D23502DD500DDBE6C /* ViewController.m in Sources */ = {isa = PBXBuildFile; fileRef = 389A751C23502DD500DDBE6C /* ViewController.m */; };
		389A752223502DDA00DDBE6C /* Assets.xcassets in Resources */ = {isa = PBXBuildFile; fileRef = 389A752123502DDA00DDBE6C /* Assets.xcassets */; };
		389A752523502DDA00DDBE6C /* LaunchScreen.storyboard in Resources */ = {isa = PBXBuildFile; fileRef = 389A752323502DDA00DDBE6C /* LaunchScreen.storyboard */; };
		389A752823502DDA00DDBE6C /* main.mm in Sources */ = {isa = PBXBuildFile; fileRef = 389A752723502DDA00DDBE6C /* main.mm */; };
		389A753023502E1900DDBE6C /* Person.m in Sources */ = {isa = PBXBuildFile; fileRef = 389A752F23502E1900DDBE6C /* Person.m */; };
		38A2C85124811BE100E408BB /* QDFirstLeaderView.m in Sources */ = {isa = PBXBuildFile; fileRef = 38A2C84F24811BE000E408BB /* QDFirstLeaderView.m */; };
		38A2C85924811C1300E408BB /* first_user_lead_konw@2x.png in Resources */ = {isa = PBXBuildFile; fileRef = 38A2C85324811C1100E408BB /* first_user_lead_konw@2x.png */; };
		38A2C85A24811C1300E408BB /* first_user_lead_title@2x.png in Resources */ = {isa = PBXBuildFile; fileRef = 38A2C85424811C1200E408BB /* first_user_lead_title@2x.png */; };
		38A2C85B24811C1300E408BB /* first_user_lead_title@3x.png in Resources */ = {isa = PBXBuildFile; fileRef = 38A2C85524811C1200E408BB /* first_user_lead_title@3x.png */; };
		38A2C85C24811C1300E408BB /* first_user_lead_show_image@2x.gif in Resources */ = {isa = PBXBuildFile; fileRef = 38A2C85624811C1200E408BB /* first_user_lead_show_image@2x.gif */; };
		38A2C85D24811C1300E408BB /* first_user_lead_konw@3x.png in Resources */ = {isa = PBXBuildFile; fileRef = 38A2C85724811C1300E408BB /* first_user_lead_konw@3x.png */; };
		38A2C8652481F4F200E408BB /* LHPerformanceUtil.m in Sources */ = {isa = PBXBuildFile; fileRef = 38A2C85F2481F4F200E408BB /* LHPerformanceUtil.m */; };
		38A2C8662481F4F200E408BB /* ZJPreformLabel.m in Sources */ = {isa = PBXBuildFile; fileRef = 38A2C8602481F4F200E408BB /* ZJPreformLabel.m */; };
		38A2C8672481F4F200E408BB /* ZJPopView.m in Sources */ = {isa = PBXBuildFile; fileRef = 38A2C8632481F4F200E408BB /* ZJPopView.m */; };
		38A3B59623AA1C6E00430F97 /* MyShowLocation.gpx in Resources */ = {isa = PBXBuildFile; fileRef = 38A3B59523AA1C6E00430F97 /* MyShowLocation.gpx */; };
		38B2B6FA24BC412000F0F52F /* QDSearchMoreViewController.m in Sources */ = {isa = PBXBuildFile; fileRef = 38B2B6F924BC412000F0F52F /* QDSearchMoreViewController.m */; };
		38B2B95824BD4C9E00F0F52F /* QDDepartmentListView.m in Sources */ = {isa = PBXBuildFile; fileRef = 38B2B95724BD4C9E00F0F52F /* QDDepartmentListView.m */; };
		38B2BA7D24BD97B300F0F52F /* QDTableFooterView.m in Sources */ = {isa = PBXBuildFile; fileRef = 38B2BA7C24BD97B200F0F52F /* QDTableFooterView.m */; };
		38CD08B2243DA84F009429C9 /* Person+Custom.m in Sources */ = {isa = PBXBuildFile; fileRef = 38CD08B1243DA84F009429C9 /* Person+Custom.m */; };
		38E015F32578E8FC00C52175 /* UIMonitorinManager.m in Sources */ = {isa = PBXBuildFile; fileRef = 38E015F12578E8FC00C52175 /* UIMonitorinManager.m */; };
		38E015FA257A11C000C52175 /* TestCodeViewController.m in Sources */ = {isa = PBXBuildFile; fileRef = 38E015F9257A11C000C52175 /* TestCodeViewController.m */; };
		38E015FE257A11DB00C52175 /* CodePersonModel.m in Sources */ = {isa = PBXBuildFile; fileRef = 38E015FD257A11DB00C52175 /* CodePersonModel.m */; };
		38E01602257A11EF00C52175 /* CodeStudentModel.m in Sources */ = {isa = PBXBuildFile; fileRef = 38E01601257A11EF00C52175 /* CodeStudentModel.m */; };
		38E01606257A131D00C52175 /* NSObject+Coding.m in Sources */ = {isa = PBXBuildFile; fileRef = 38E01605257A131D00C52175 /* NSObject+Coding.m */; };
		C21F3717264A3890004F6BD1 /* KXVoiceManager.m in Sources */ = {isa = PBXBuildFile; fileRef = C21F370E264A388F004F6BD1 /* KXVoiceManager.m */; };
		C21F3718264A3890004F6BD1 /* KXVoiceGuestCell.m in Sources */ = {isa = PBXBuildFile; fileRef = C21F3712264A388F004F6BD1 /* KXVoiceGuestCell.m */; };
		C21F371A264A3890004F6BD1 /* KXVoiceSeatModel.m in Sources */ = {isa = PBXBuildFile; fileRef = C21F3714264A388F004F6BD1 /* KXVoiceSeatModel.m */; };
		C21F371B264A3890004F6BD1 /* KXVoicePersonModel.m in Sources */ = {isa = PBXBuildFile; fileRef = C21F3715264A388F004F6BD1 /* KXVoicePersonModel.m */; };
		C21F371C264A3890004F6BD1 /* KXVoiceChatRoomViewController.m in Sources */ = {isa = PBXBuildFile; fileRef = C21F3716264A388F004F6BD1 /* KXVoiceChatRoomViewController.m */; };
		C21F372C264A3A10004F6BD1 /* KXLiveRoomViewController.m in Sources */ = {isa = PBXBuildFile; fileRef = C21F372B264A3A10004F6BD1 /* KXLiveRoomViewController.m */; };
		C21F3737264A61B8004F6BD1 /* KXRippleView.m in Sources */ = {isa = PBXBuildFile; fileRef = C21F3736264A61B8004F6BD1 /* KXRippleView.m */; };
		C21F37AB264BADBA004F6BD1 /* LICENSE in Resources */ = {isa = PBXBuildFile; fileRef = C21F379D264BADBA004F6BD1 /* LICENSE */; };
		C21F37AC264BADBA004F6BD1 /* README.md in Resources */ = {isa = PBXBuildFile; fileRef = C21F379E264BADBA004F6BD1 /* README.md */; };
		C21F37AD264BADBA004F6BD1 /* KXModuleDefinition.m in Sources */ = {isa = PBXBuildFile; fileRef = C21F37A2264BADBA004F6BD1 /* KXModuleDefinition.m */; settings = {COMPILER_FLAGS = "-w"; }; };
		C21F37AE264BADBA004F6BD1 /* KXModuleManager.m in Sources */ = {isa = PBXBuildFile; fileRef = C21F37A5264BADBA004F6BD1 /* KXModuleManager.m */; };
		C21F37AF264BADBA004F6BD1 /* KXModuleQAService.m in Sources */ = {isa = PBXBuildFile; fileRef = C21F37A7264BADBA004F6BD1 /* KXModuleQAService.m */; };
		C21F37B0264BADBA004F6BD1 /* KXModuleOrz.m in Sources */ = {isa = PBXBuildFile; fileRef = C21F37AA264BADBA004F6BD1 /* KXModuleOrz.m */; };
		C21F37B4264BAE25004F6BD1 /* KXMoudleProtocolViewController.m in Sources */ = {isa = PBXBuildFile; fileRef = C21F37B3264BAE25004F6BD1 /* KXMoudleProtocolViewController.m */; };
		C21F37B9264BB6BF004F6BD1 /* KXMoudleProtocolTestModel.m in Sources */ = {isa = PBXBuildFile; fileRef = C21F37B8264BB6BF004F6BD1 /* KXMoudleProtocolTestModel.m */; };
		C21F387A264BEE9F004F6BD1 /* MessageSendViewController.m in Sources */ = {isa = PBXBuildFile; fileRef = C21F3879264BEE9F004F6BD1 /* MessageSendViewController.m */; };
		C21F3894264BF688004F6BD1 /* SendPersonModel.m in Sources */ = {isa = PBXBuildFile; fileRef = C21F3893264BF688004F6BD1 /* SendPersonModel.m */; };
		C21F3898264BFE51004F6BD1 /* SecondModel.m in Sources */ = {isa = PBXBuildFile; fileRef = C21F3897264BFE51004F6BD1 /* SecondModel.m */; };
		C21F38FD264CF3B6004F6BD1 /* KXShowAnimationView.m in Sources */ = {isa = PBXBuildFile; fileRef = C21F38FC264CF3B6004F6BD1 /* KXShowAnimationView.m */; };
		C21F390D264D299A004F6BD1 /* ZJServiceModel.m in Sources */ = {isa = PBXBuildFile; fileRef = C21F390C264D299A004F6BD1 /* ZJServiceModel.m */; };
		C21F3912264D2E2B004F6BD1 /* ZJServiceEvent.m in Sources */ = {isa = PBXBuildFile; fileRef = C21F3911264D2E2B004F6BD1 /* ZJServiceEvent.m */; };
		C21F391C264D3EF6004F6BD1 /* ZJServiceManager.m in Sources */ = {isa = PBXBuildFile; fileRef = C21F391B264D3EF6004F6BD1 /* ZJServiceManager.m */; };
		C21F3920264D4091004F6BD1 /* TestServiceManagerModel.m in Sources */ = {isa = PBXBuildFile; fileRef = C21F391F264D4091004F6BD1 /* TestServiceManagerModel.m */; };
		C21F3926264D4719004F6BD1 /* ZJAnswerDefine.m in Sources */ = {isa = PBXBuildFile; fileRef = C21F3925264D4719004F6BD1 /* ZJAnswerDefine.m */; settings = {COMPILER_FLAGS = "-w"; }; };
		C21F3942264E1AC8004F6BD1 /* MulDelegateViewController.m in Sources */ = {isa = PBXBuildFile; fileRef = C21F3941264E1AC8004F6BD1 /* MulDelegateViewController.m */; };
		C21F39BB264E650A004F6BD1 /* TeseSingleInstanceModel.m in Sources */ = {isa = PBXBuildFile; fileRef = C21F39BA264E650A004F6BD1 /* TeseSingleInstanceModel.m */; };
		C272A643265F72FD00F40CBE /* BlurryViewController.m in Sources */ = {isa = PBXBuildFile; fileRef = C272A642265F72FD00F40CBE /* BlurryViewController.m */; };
		C296D35F265246B30043A0B0 /* ShowTestDemo1.m in Sources */ = {isa = PBXBuildFile; fileRef = C296D35E265246B30043A0B0 /* ShowTestDemo1.m */; };
		C296D363265246C10043A0B0 /* ShowTestDemo2.m in Sources */ = {isa = PBXBuildFile; fileRef = C296D362265246C10043A0B0 /* ShowTestDemo2.m */; };
		C29EC598264525A200B7E26D /* ZJDownloadOperation.m in Sources */ = {isa = PBXBuildFile; fileRef = C29EC58F264525A200B7E26D /* ZJDownloadOperation.m */; };
		C29EC599264525A200B7E26D /* ZJDownloadermanager.m in Sources */ = {isa = PBXBuildFile; fileRef = C29EC590264525A200B7E26D /* ZJDownloadermanager.m */; };
		C29EC59A264525A200B7E26D /* ZJFileManager.m in Sources */ = {isa = PBXBuildFile; fileRef = C29EC591264525A200B7E26D /* ZJFileManager.m */; };
		C29EC59B264525A200B7E26D /* ZJDownloadModel.m in Sources */ = {isa = PBXBuildFile; fileRef = C29EC597264525A200B7E26D /* ZJDownloadModel.m */; };
		C29EC59F2645265700B7E26D /* DownloadViewController.m in Sources */ = {isa = PBXBuildFile; fileRef = C29EC59E2645265700B7E26D /* DownloadViewController.m */; };
		C29EC5AC26452F6400B7E26D /* RACTestViewController.m in Sources */ = {isa = PBXBuildFile; fileRef = C29EC5AB26452F6400B7E26D /* RACTestViewController.m */; };
		C2A9B8C9267C6BE40050B198 /* InPurchseViewController.m in Sources */ = {isa = PBXBuildFile; fileRef = C2A9B8C8267C6BE40050B198 /* InPurchseViewController.m */; };
		C2A9B8CC267C71160050B198 /* KXInPurchaseManager.m in Sources */ = {isa = PBXBuildFile; fileRef = C2A9B8CB267C71160050B198 /* KXInPurchaseManager.m */; };
		C2D3AE4426662B29005DC10F /* ECOEmployee.m in Sources */ = {isa = PBXBuildFile; fileRef = C2D3AE4326662B29005DC10F /* ECOEmployee.m */; };
/* End PBXBuildFile section */

/* Begin PBXFileReference section */
		3807427424B6B69C00968CF5 /* QDBaseSearchViewController.m */ = {isa = PBXFileReference; fileEncoding = 4; lastKnownFileType = sourcecode.c.objc; path = QDBaseSearchViewController.m; sourceTree = "<group>"; };
		3807427524B6B69C00968CF5 /* QDBaseSearchViewController.h */ = {isa = PBXFileReference; fileEncoding = 4; lastKnownFileType = sourcecode.c.h; path = QDBaseSearchViewController.h; sourceTree = "<group>"; };
		3807427724B6B6E700968CF5 /* QDUISearchBar.h */ = {isa = PBXFileReference; lastKnownFileType = sourcecode.c.h; path = QDUISearchBar.h; sourceTree = "<group>"; };
		3807427824B6B6E700968CF5 /* QDUISearchBar.m */ = {isa = PBXFileReference; lastKnownFileType = sourcecode.c.objc; path = QDUISearchBar.m; sourceTree = "<group>"; };
		3807427D24B6C60900968CF5 /* KVOTestModel_header.h */ = {isa = PBXFileReference; lastKnownFileType = sourcecode.c.h; path = KVOTestModel_header.h; sourceTree = "<group>"; };
		3807427E24B6F10C00968CF5 /* QDSearchResultModel.h */ = {isa = PBXFileReference; lastKnownFileType = sourcecode.c.h; path = QDSearchResultModel.h; sourceTree = "<group>"; };
		3807427F24B6F10C00968CF5 /* QDSearchResultModel.m */ = {isa = PBXFileReference; lastKnownFileType = sourcecode.c.objc; path = QDSearchResultModel.m; sourceTree = "<group>"; };
		3807428124B7185D00968CF5 /* QDSearchResultCell.h */ = {isa = PBXFileReference; lastKnownFileType = sourcecode.c.h; path = QDSearchResultCell.h; sourceTree = "<group>"; };
		3807428224B7185D00968CF5 /* QDSearchResultCell.m */ = {isa = PBXFileReference; lastKnownFileType = sourcecode.c.objc; path = QDSearchResultCell.m; sourceTree = "<group>"; };
		380742BE24B8174100968CF5 /* ZJBaseViewController.h */ = {isa = PBXFileReference; lastKnownFileType = sourcecode.c.h; path = ZJBaseViewController.h; sourceTree = "<group>"; };
		380742BF24B8174100968CF5 /* ZJBaseViewController.m */ = {isa = PBXFileReference; lastKnownFileType = sourcecode.c.objc; path = ZJBaseViewController.m; sourceTree = "<group>"; };
		380742C124B81ED200968CF5 /* QDUISearchResultView.h */ = {isa = PBXFileReference; lastKnownFileType = sourcecode.c.h; path = QDUISearchResultView.h; sourceTree = "<group>"; };
		380742C224B81ED200968CF5 /* QDUISearchResultView.m */ = {isa = PBXFileReference; lastKnownFileType = sourcecode.c.objc; path = QDUISearchResultView.m; sourceTree = "<group>"; };
		380742C724B8202C00968CF5 /* QDUISearchEmptyView.h */ = {isa = PBXFileReference; lastKnownFileType = sourcecode.c.h; path = QDUISearchEmptyView.h; sourceTree = "<group>"; };
		380742C824B8202C00968CF5 /* QDUISearchEmptyView.m */ = {isa = PBXFileReference; lastKnownFileType = sourcecode.c.objc; path = QDUISearchEmptyView.m; sourceTree = "<group>"; };
		380742CB24B8588900968CF5 /* UIButton+ChangeImagePosition.h */ = {isa = PBXFileReference; lastKnownFileType = sourcecode.c.h; path = "UIButton+ChangeImagePosition.h"; sourceTree = "<group>"; };
		380742CC24B8588900968CF5 /* UIButton+ChangeImagePosition.m */ = {isa = PBXFileReference; lastKnownFileType = sourcecode.c.objc; path = "UIButton+ChangeImagePosition.m"; sourceTree = "<group>"; };
		380B2B8E25C2A003001EAF3F /* TestBlockViewController.h */ = {isa = PBXFileReference; lastKnownFileType = sourcecode.c.h; path = TestBlockViewController.h; sourceTree = "<group>"; };
		380B2B8F25C2A003001EAF3F /* TestBlockViewController.m */ = {isa = PBXFileReference; lastKnownFileType = sourcecode.c.objc; path = TestBlockViewController.m; sourceTree = "<group>"; };
		380B2B9225C2A235001EAF3F /* BlockModelTest.h */ = {isa = PBXFileReference; lastKnownFileType = sourcecode.c.h; path = BlockModelTest.h; sourceTree = "<group>"; };
		380B2B9325C2A235001EAF3F /* BlockModelTest.m */ = {isa = PBXFileReference; lastKnownFileType = sourcecode.c.objc; path = BlockModelTest.m; sourceTree = "<group>"; };
		382A1AD82445C9C70017EA2B /* QQLockDictionary.m */ = {isa = PBXFileReference; fileEncoding = 4; lastKnownFileType = sourcecode.c.objc; path = QQLockDictionary.m; sourceTree = "<group>"; };
		382A1AD92445C9C70017EA2B /* QQLockDictionary.h */ = {isa = PBXFileReference; fileEncoding = 4; lastKnownFileType = sourcecode.c.h; path = QQLockDictionary.h; sourceTree = "<group>"; };
		383B11CC23975FE400E9DCB9 /* aho_corasick.hpp */ = {isa = PBXFileReference; fileEncoding = 4; lastKnownFileType = sourcecode.cpp.h; path = aho_corasick.hpp; sourceTree = "<group>"; };
		383B11CD23975FEF00E9DCB9 /* benchmark.cpp */ = {isa = PBXFileReference; fileEncoding = 4; lastKnownFileType = sourcecode.cpp.cpp; path = benchmark.cpp; sourceTree = "<group>"; };
		383B11EF23978E6F00E9DCB9 /* DebenDataManager.h */ = {isa = PBXFileReference; lastKnownFileType = sourcecode.c.h; path = DebenDataManager.h; sourceTree = "<group>"; };
		383B11F023978E6F00E9DCB9 /* DebenDataManager.m */ = {isa = PBXFileReference; lastKnownFileType = sourcecode.c.objc; path = DebenDataManager.m; sourceTree = "<group>"; };
		383B11F2239793F400E9DCB9 /* qt_data.db */ = {isa = PBXFileReference; lastKnownFileType = file; path = qt_data.db; sourceTree = "<group>"; };
		383B11FC2398A3A600E9DCB9 /* CorasickTreeManager.h */ = {isa = PBXFileReference; lastKnownFileType = sourcecode.c.h; path = CorasickTreeManager.h; sourceTree = "<group>"; };
		383B11FD2398A3A600E9DCB9 /* CorasickTreeManager.mm */ = {isa = PBXFileReference; lastKnownFileType = sourcecode.cpp.objcpp; path = CorasickTreeManager.mm; sourceTree = "<group>"; };
		383B11FF2398A82800E9DCB9 /* SortCodeManager.h */ = {isa = PBXFileReference; lastKnownFileType = sourcecode.c.h; path = SortCodeManager.h; sourceTree = "<group>"; };
		383B12002398A82800E9DCB9 /* SortCodeManager.m */ = {isa = PBXFileReference; lastKnownFileType = sourcecode.c.objc; path = SortCodeManager.m; sourceTree = "<group>"; };
		386B3DCC254A69910063DF3C /* ConfigurationViewController.h */ = {isa = PBXFileReference; lastKnownFileType = sourcecode.c.h; path = ConfigurationViewController.h; sourceTree = "<group>"; };
		386B3DCD254A69910063DF3C /* ConfigurationViewController.m */ = {isa = PBXFileReference; lastKnownFileType = sourcecode.c.objc; path = ConfigurationViewController.m; sourceTree = "<group>"; };
		386B3DD0254A69BB0063DF3C /* TestConfigurationCell.h */ = {isa = PBXFileReference; lastKnownFileType = sourcecode.c.h; path = TestConfigurationCell.h; sourceTree = "<group>"; };
		386B3DD1254A69BB0063DF3C /* TestConfigurationCell.m */ = {isa = PBXFileReference; lastKnownFileType = sourcecode.c.objc; path = TestConfigurationCell.m; sourceTree = "<group>"; };
		38980BB8253056DD00F75BB4 /* ClassTestViewController.h */ = {isa = PBXFileReference; lastKnownFileType = sourcecode.c.h; path = ClassTestViewController.h; sourceTree = "<group>"; };
		38980BB9253056DD00F75BB4 /* ClassTestViewController.m */ = {isa = PBXFileReference; lastKnownFileType = sourcecode.c.objc; path = ClassTestViewController.m; sourceTree = "<group>"; };
		389A751223502DD500DDBE6C /* KVOTestModel.app */ = {isa = PBXFileReference; explicitFileType = wrapper.application; includeInIndex = 0; path = KVOTestModel.app; sourceTree = BUILT_PRODUCTS_DIR; };
		389A751523502DD500DDBE6C /* AppDelegate.h */ = {isa = PBXFileReference; lastKnownFileType = sourcecode.c.h; path = AppDelegate.h; sourceTree = "<group>"; };
		389A751623502DD500DDBE6C /* AppDelegate.m */ = {isa = PBXFileReference; lastKnownFileType = sourcecode.c.objc; path = AppDelegate.m; sourceTree = "<group>"; };
		389A751B23502DD500DDBE6C /* ViewController.h */ = {isa = PBXFileReference; lastKnownFileType = sourcecode.c.h; path = ViewController.h; sourceTree = "<group>"; };
		389A751C23502DD500DDBE6C /* ViewController.m */ = {isa = PBXFileReference; lastKnownFileType = sourcecode.c.objc; path = ViewController.m; sourceTree = "<group>"; };
		389A752123502DDA00DDBE6C /* Assets.xcassets */ = {isa = PBXFileReference; lastKnownFileType = folder.assetcatalog; path = Assets.xcassets; sourceTree = "<group>"; };
		389A752423502DDA00DDBE6C /* Base */ = {isa = PBXFileReference; lastKnownFileType = file.storyboard; name = Base; path = Base.lproj/LaunchScreen.storyboard; sourceTree = "<group>"; };
		389A752623502DDA00DDBE6C /* Info.plist */ = {isa = PBXFileReference; lastKnownFileType = text.plist.xml; path = Info.plist; sourceTree = "<group>"; };
		389A752723502DDA00DDBE6C /* main.mm */ = {isa = PBXFileReference; lastKnownFileType = sourcecode.cpp.objcpp; path = main.mm; sourceTree = "<group>"; };
		389A752E23502E1900DDBE6C /* Person.h */ = {isa = PBXFileReference; lastKnownFileType = sourcecode.c.h; path = Person.h; sourceTree = "<group>"; };
		389A752F23502E1900DDBE6C /* Person.m */ = {isa = PBXFileReference; lastKnownFileType = sourcecode.c.objc; path = Person.m; sourceTree = "<group>"; };
		38A2C84F24811BE000E408BB /* QDFirstLeaderView.m */ = {isa = PBXFileReference; fileEncoding = 4; lastKnownFileType = sourcecode.c.objc; path = QDFirstLeaderView.m; sourceTree = "<group>"; };
		38A2C85024811BE000E408BB /* QDFirstLeaderView.h */ = {isa = PBXFileReference; fileEncoding = 4; lastKnownFileType = sourcecode.c.h; path = QDFirstLeaderView.h; sourceTree = "<group>"; };
		38A2C85324811C1100E408BB /* first_user_lead_konw@2x.png */ = {isa = PBXFileReference; lastKnownFileType = image.png; path = "first_user_lead_konw@2x.png"; sourceTree = "<group>"; };
		38A2C85424811C1200E408BB /* first_user_lead_title@2x.png */ = {isa = PBXFileReference; lastKnownFileType = image.png; path = "first_user_lead_title@2x.png"; sourceTree = "<group>"; };
		38A2C85524811C1200E408BB /* first_user_lead_title@3x.png */ = {isa = PBXFileReference; lastKnownFileType = image.png; path = "first_user_lead_title@3x.png"; sourceTree = "<group>"; };
		38A2C85624811C1200E408BB /* first_user_lead_show_image@2x.gif */ = {isa = PBXFileReference; lastKnownFileType = image.gif; path = "first_user_lead_show_image@2x.gif"; sourceTree = "<group>"; };
		38A2C85724811C1300E408BB /* first_user_lead_konw@3x.png */ = {isa = PBXFileReference; lastKnownFileType = image.png; path = "first_user_lead_konw@3x.png"; sourceTree = "<group>"; };
		38A2C85F2481F4F200E408BB /* LHPerformanceUtil.m */ = {isa = PBXFileReference; fileEncoding = 4; lastKnownFileType = sourcecode.c.objc; path = LHPerformanceUtil.m; sourceTree = "<group>"; };
		38A2C8602481F4F200E408BB /* ZJPreformLabel.m */ = {isa = PBXFileReference; fileEncoding = 4; lastKnownFileType = sourcecode.c.objc; path = ZJPreformLabel.m; sourceTree = "<group>"; };
		38A2C8612481F4F200E408BB /* ZJPopView.h */ = {isa = PBXFileReference; fileEncoding = 4; lastKnownFileType = sourcecode.c.h; path = ZJPopView.h; sourceTree = "<group>"; };
		38A2C8622481F4F200E408BB /* LHPerformanceUtil.h */ = {isa = PBXFileReference; fileEncoding = 4; lastKnownFileType = sourcecode.c.h; path = LHPerformanceUtil.h; sourceTree = "<group>"; };
		38A2C8632481F4F200E408BB /* ZJPopView.m */ = {isa = PBXFileReference; fileEncoding = 4; lastKnownFileType = sourcecode.c.objc; path = ZJPopView.m; sourceTree = "<group>"; };
		38A2C8642481F4F200E408BB /* ZJPreformLabel.h */ = {isa = PBXFileReference; fileEncoding = 4; lastKnownFileType = sourcecode.c.h; path = ZJPreformLabel.h; sourceTree = "<group>"; };
		38A3B59523AA1C6E00430F97 /* MyShowLocation.gpx */ = {isa = PBXFileReference; lastKnownFileType = text.xml; path = MyShowLocation.gpx; sourceTree = "<group>"; };
		38B2B6F824BC412000F0F52F /* QDSearchMoreViewController.h */ = {isa = PBXFileReference; lastKnownFileType = sourcecode.c.h; path = QDSearchMoreViewController.h; sourceTree = "<group>"; };
		38B2B6F924BC412000F0F52F /* QDSearchMoreViewController.m */ = {isa = PBXFileReference; lastKnownFileType = sourcecode.c.objc; path = QDSearchMoreViewController.m; sourceTree = "<group>"; };
		38B2B95624BD4C9E00F0F52F /* QDDepartmentListView.h */ = {isa = PBXFileReference; lastKnownFileType = sourcecode.c.h; path = QDDepartmentListView.h; sourceTree = "<group>"; };
		38B2B95724BD4C9E00F0F52F /* QDDepartmentListView.m */ = {isa = PBXFileReference; lastKnownFileType = sourcecode.c.objc; path = QDDepartmentListView.m; sourceTree = "<group>"; };
		38B2BA7B24BD97B200F0F52F /* QDTableFooterView.h */ = {isa = PBXFileReference; lastKnownFileType = sourcecode.c.h; path = QDTableFooterView.h; sourceTree = "<group>"; };
		38B2BA7C24BD97B200F0F52F /* QDTableFooterView.m */ = {isa = PBXFileReference; lastKnownFileType = sourcecode.c.objc; path = QDTableFooterView.m; sourceTree = "<group>"; };
		38CD08B0243DA84F009429C9 /* Person+Custom.h */ = {isa = PBXFileReference; lastKnownFileType = sourcecode.c.h; path = "Person+Custom.h"; sourceTree = "<group>"; };
		38CD08B1243DA84F009429C9 /* Person+Custom.m */ = {isa = PBXFileReference; lastKnownFileType = sourcecode.c.objc; path = "Person+Custom.m"; sourceTree = "<group>"; };
		38CD08B3243DA9EF009429C9 /* FMDB.framework */ = {isa = PBXFileReference; explicitFileType = wrapper.framework; path = FMDB.framework; sourceTree = BUILT_PRODUCTS_DIR; };
		38E015F12578E8FC00C52175 /* UIMonitorinManager.m */ = {isa = PBXFileReference; fileEncoding = 4; lastKnownFileType = sourcecode.c.objc; path = UIMonitorinManager.m; sourceTree = "<group>"; };
		38E015F22578E8FC00C52175 /* UIMonitorinManager.h */ = {isa = PBXFileReference; fileEncoding = 4; lastKnownFileType = sourcecode.c.h; path = UIMonitorinManager.h; sourceTree = "<group>"; };
		38E015F8257A11C000C52175 /* TestCodeViewController.h */ = {isa = PBXFileReference; lastKnownFileType = sourcecode.c.h; path = TestCodeViewController.h; sourceTree = "<group>"; };
		38E015F9257A11C000C52175 /* TestCodeViewController.m */ = {isa = PBXFileReference; lastKnownFileType = sourcecode.c.objc; path = TestCodeViewController.m; sourceTree = "<group>"; };
		38E015FC257A11DB00C52175 /* CodePersonModel.h */ = {isa = PBXFileReference; lastKnownFileType = sourcecode.c.h; path = CodePersonModel.h; sourceTree = "<group>"; };
		38E015FD257A11DB00C52175 /* CodePersonModel.m */ = {isa = PBXFileReference; lastKnownFileType = sourcecode.c.objc; path = CodePersonModel.m; sourceTree = "<group>"; };
		38E01600257A11EF00C52175 /* CodeStudentModel.h */ = {isa = PBXFileReference; lastKnownFileType = sourcecode.c.h; path = CodeStudentModel.h; sourceTree = "<group>"; };
		38E01601257A11EF00C52175 /* CodeStudentModel.m */ = {isa = PBXFileReference; lastKnownFileType = sourcecode.c.objc; path = CodeStudentModel.m; sourceTree = "<group>"; };
		38E01604257A131D00C52175 /* NSObject+Coding.h */ = {isa = PBXFileReference; lastKnownFileType = sourcecode.c.h; path = "NSObject+Coding.h"; sourceTree = "<group>"; };
		38E01605257A131D00C52175 /* NSObject+Coding.m */ = {isa = PBXFileReference; lastKnownFileType = sourcecode.c.objc; path = "NSObject+Coding.m"; sourceTree = "<group>"; };
		4E631DEFA014AA2CB18B3C8B /* libPods-KVOTestModel.a */ = {isa = PBXFileReference; explicitFileType = archive.ar; includeInIndex = 0; path = "libPods-KVOTestModel.a"; sourceTree = BUILT_PRODUCTS_DIR; };
		B8EB8B5647A921C1097C5650 /* Pods-KVOTestModel.debug.xcconfig */ = {isa = PBXFileReference; includeInIndex = 1; lastKnownFileType = text.xcconfig; name = "Pods-KVOTestModel.debug.xcconfig"; path = "Target Support Files/Pods-KVOTestModel/Pods-KVOTestModel.debug.xcconfig"; sourceTree = "<group>"; };
		C21F370A264A388F004F6BD1 /* KXVoiceManager.h */ = {isa = PBXFileReference; fileEncoding = 4; lastKnownFileType = sourcecode.c.h; path = KXVoiceManager.h; sourceTree = "<group>"; };
		C21F370B264A388F004F6BD1 /* KXVoicePersonModel.h */ = {isa = PBXFileReference; fileEncoding = 4; lastKnownFileType = sourcecode.c.h; path = KXVoicePersonModel.h; sourceTree = "<group>"; };
		C21F370C264A388F004F6BD1 /* KXVoiceSeatModel.h */ = {isa = PBXFileReference; fileEncoding = 4; lastKnownFileType = sourcecode.c.h; path = KXVoiceSeatModel.h; sourceTree = "<group>"; };
		C21F370D264A388F004F6BD1 /* KXVoiceChatRoomViewController.h */ = {isa = PBXFileReference; fileEncoding = 4; lastKnownFileType = sourcecode.c.h; path = KXVoiceChatRoomViewController.h; sourceTree = "<group>"; };
		C21F370E264A388F004F6BD1 /* KXVoiceManager.m */ = {isa = PBXFileReference; fileEncoding = 4; lastKnownFileType = sourcecode.c.objc; path = KXVoiceManager.m; sourceTree = "<group>"; };
		C21F3710264A388F004F6BD1 /* KXVoiceGuestCell.h */ = {isa = PBXFileReference; fileEncoding = 4; lastKnownFileType = sourcecode.c.h; path = KXVoiceGuestCell.h; sourceTree = "<group>"; };
		C21F3712264A388F004F6BD1 /* KXVoiceGuestCell.m */ = {isa = PBXFileReference; fileEncoding = 4; lastKnownFileType = sourcecode.c.objc; path = KXVoiceGuestCell.m; sourceTree = "<group>"; };
		C21F3714264A388F004F6BD1 /* KXVoiceSeatModel.m */ = {isa = PBXFileReference; fileEncoding = 4; lastKnownFileType = sourcecode.c.objc; path = KXVoiceSeatModel.m; sourceTree = "<group>"; };
		C21F3715264A388F004F6BD1 /* KXVoicePersonModel.m */ = {isa = PBXFileReference; fileEncoding = 4; lastKnownFileType = sourcecode.c.objc; path = KXVoicePersonModel.m; sourceTree = "<group>"; };
		C21F3716264A388F004F6BD1 /* KXVoiceChatRoomViewController.m */ = {isa = PBXFileReference; fileEncoding = 4; lastKnownFileType = sourcecode.c.objc; path = KXVoiceChatRoomViewController.m; sourceTree = "<group>"; };
		C21F372A264A3A10004F6BD1 /* KXLiveRoomViewController.h */ = {isa = PBXFileReference; lastKnownFileType = sourcecode.c.h; path = KXLiveRoomViewController.h; sourceTree = "<group>"; };
		C21F372B264A3A10004F6BD1 /* KXLiveRoomViewController.m */ = {isa = PBXFileReference; lastKnownFileType = sourcecode.c.objc; path = KXLiveRoomViewController.m; sourceTree = "<group>"; };
		C21F3735264A61B8004F6BD1 /* KXRippleView.h */ = {isa = PBXFileReference; lastKnownFileType = sourcecode.c.h; path = KXRippleView.h; sourceTree = "<group>"; };
		C21F3736264A61B8004F6BD1 /* KXRippleView.m */ = {isa = PBXFileReference; lastKnownFileType = sourcecode.c.objc; path = KXRippleView.m; sourceTree = "<group>"; };
		C21F379D264BADBA004F6BD1 /* LICENSE */ = {isa = PBXFileReference; fileEncoding = 4; lastKnownFileType = text; path = LICENSE; sourceTree = "<group>"; };
		C21F379E264BADBA004F6BD1 /* README.md */ = {isa = PBXFileReference; fileEncoding = 4; lastKnownFileType = net.daringfireball.markdown; path = README.md; sourceTree = "<group>"; };
		C21F37A2264BADBA004F6BD1 /* KXModuleDefinition.m */ = {isa = PBXFileReference; fileEncoding = 4; lastKnownFileType = sourcecode.c.objc; path = KXModuleDefinition.m; sourceTree = "<group>"; };
		C21F37A3264BADBA004F6BD1 /* KXModuleManager.h */ = {isa = PBXFileReference; fileEncoding = 4; lastKnownFileType = sourcecode.c.h; path = KXModuleManager.h; sourceTree = "<group>"; };
		C21F37A4264BADBA004F6BD1 /* KXModuleQAService.h */ = {isa = PBXFileReference; fileEncoding = 4; lastKnownFileType = sourcecode.c.h; path = KXModuleQAService.h; sourceTree = "<group>"; };
		C21F37A5264BADBA004F6BD1 /* KXModuleManager.m */ = {isa = PBXFileReference; fileEncoding = 4; lastKnownFileType = sourcecode.c.objc; path = KXModuleManager.m; sourceTree = "<group>"; };
		C21F37A6264BADBA004F6BD1 /* KXModuleDefinition.h */ = {isa = PBXFileReference; fileEncoding = 4; lastKnownFileType = sourcecode.c.h; path = KXModuleDefinition.h; sourceTree = "<group>"; };
		C21F37A7264BADBA004F6BD1 /* KXModuleQAService.m */ = {isa = PBXFileReference; fileEncoding = 4; lastKnownFileType = sourcecode.c.objc; path = KXModuleQAService.m; sourceTree = "<group>"; };
		C21F37A8264BADBA004F6BD1 /* KXModuleProtocol.h */ = {isa = PBXFileReference; fileEncoding = 4; lastKnownFileType = sourcecode.c.h; path = KXModuleProtocol.h; sourceTree = "<group>"; };
		C21F37A9264BADBA004F6BD1 /* KXModuleOrz.h */ = {isa = PBXFileReference; fileEncoding = 4; lastKnownFileType = sourcecode.c.h; path = KXModuleOrz.h; sourceTree = "<group>"; };
		C21F37AA264BADBA004F6BD1 /* KXModuleOrz.m */ = {isa = PBXFileReference; fileEncoding = 4; lastKnownFileType = sourcecode.c.objc; path = KXModuleOrz.m; sourceTree = "<group>"; };
		C21F37B2264BAE25004F6BD1 /* KXMoudleProtocolViewController.h */ = {isa = PBXFileReference; lastKnownFileType = sourcecode.c.h; path = KXMoudleProtocolViewController.h; sourceTree = "<group>"; };
		C21F37B3264BAE25004F6BD1 /* KXMoudleProtocolViewController.m */ = {isa = PBXFileReference; lastKnownFileType = sourcecode.c.objc; path = KXMoudleProtocolViewController.m; sourceTree = "<group>"; };
		C21F37B7264BB6BF004F6BD1 /* KXMoudleProtocolTestModel.h */ = {isa = PBXFileReference; lastKnownFileType = sourcecode.c.h; path = KXMoudleProtocolTestModel.h; sourceTree = "<group>"; };
		C21F37B8264BB6BF004F6BD1 /* KXMoudleProtocolTestModel.m */ = {isa = PBXFileReference; lastKnownFileType = sourcecode.c.objc; path = KXMoudleProtocolTestModel.m; sourceTree = "<group>"; };
		C21F3878264BEE9F004F6BD1 /* MessageSendViewController.h */ = {isa = PBXFileReference; lastKnownFileType = sourcecode.c.h; path = MessageSendViewController.h; sourceTree = "<group>"; };
		C21F3879264BEE9F004F6BD1 /* MessageSendViewController.m */ = {isa = PBXFileReference; lastKnownFileType = sourcecode.c.objc; path = MessageSendViewController.m; sourceTree = "<group>"; };
		C21F3892264BF688004F6BD1 /* SendPersonModel.h */ = {isa = PBXFileReference; lastKnownFileType = sourcecode.c.h; path = SendPersonModel.h; sourceTree = "<group>"; };
		C21F3893264BF688004F6BD1 /* SendPersonModel.m */ = {isa = PBXFileReference; lastKnownFileType = sourcecode.c.objc; path = SendPersonModel.m; sourceTree = "<group>"; };
		C21F3896264BFE51004F6BD1 /* SecondModel.h */ = {isa = PBXFileReference; lastKnownFileType = sourcecode.c.h; path = SecondModel.h; sourceTree = "<group>"; };
		C21F3897264BFE51004F6BD1 /* SecondModel.m */ = {isa = PBXFileReference; lastKnownFileType = sourcecode.c.objc; path = SecondModel.m; sourceTree = "<group>"; };
		C21F38FB264CF3B6004F6BD1 /* KXShowAnimationView.h */ = {isa = PBXFileReference; lastKnownFileType = sourcecode.c.h; path = KXShowAnimationView.h; sourceTree = "<group>"; };
		C21F38FC264CF3B6004F6BD1 /* KXShowAnimationView.m */ = {isa = PBXFileReference; lastKnownFileType = sourcecode.c.objc; path = KXShowAnimationView.m; sourceTree = "<group>"; };
		C21F390B264D299A004F6BD1 /* ZJServiceModel.h */ = {isa = PBXFileReference; lastKnownFileType = sourcecode.c.h; path = ZJServiceModel.h; sourceTree = "<group>"; };
		C21F390C264D299A004F6BD1 /* ZJServiceModel.m */ = {isa = PBXFileReference; lastKnownFileType = sourcecode.c.objc; path = ZJServiceModel.m; sourceTree = "<group>"; };
		C21F3910264D2E2B004F6BD1 /* ZJServiceEvent.h */ = {isa = PBXFileReference; lastKnownFileType = sourcecode.c.h; path = ZJServiceEvent.h; sourceTree = "<group>"; };
		C21F3911264D2E2B004F6BD1 /* ZJServiceEvent.m */ = {isa = PBXFileReference; lastKnownFileType = sourcecode.c.objc; path = ZJServiceEvent.m; sourceTree = "<group>"; };
		C21F3914264D2F53004F6BD1 /* ZJServiceProtocol.h */ = {isa = PBXFileReference; lastKnownFileType = sourcecode.c.h; path = ZJServiceProtocol.h; sourceTree = "<group>"; };
		C21F391A264D3EF6004F6BD1 /* ZJServiceManager.h */ = {isa = PBXFileReference; lastKnownFileType = sourcecode.c.h; path = ZJServiceManager.h; sourceTree = "<group>"; };
		C21F391B264D3EF6004F6BD1 /* ZJServiceManager.m */ = {isa = PBXFileReference; lastKnownFileType = sourcecode.c.objc; path = ZJServiceManager.m; sourceTree = "<group>"; };
		C21F391E264D4091004F6BD1 /* TestServiceManagerModel.h */ = {isa = PBXFileReference; lastKnownFileType = sourcecode.c.h; path = TestServiceManagerModel.h; sourceTree = "<group>"; };
		C21F391F264D4091004F6BD1 /* TestServiceManagerModel.m */ = {isa = PBXFileReference; lastKnownFileType = sourcecode.c.objc; path = TestServiceManagerModel.m; sourceTree = "<group>"; };
		C21F3922264D4107004F6BD1 /* TestServiceProtocol.h */ = {isa = PBXFileReference; lastKnownFileType = sourcecode.c.h; path = TestServiceProtocol.h; sourceTree = "<group>"; };
		C21F3924264D4719004F6BD1 /* ZJAnswerDefine.h */ = {isa = PBXFileReference; lastKnownFileType = sourcecode.c.h; path = ZJAnswerDefine.h; sourceTree = "<group>"; };
		C21F3925264D4719004F6BD1 /* ZJAnswerDefine.m */ = {isa = PBXFileReference; lastKnownFileType = sourcecode.c.objc; path = ZJAnswerDefine.m; sourceTree = "<group>"; };
		C21F3940264E1AC8004F6BD1 /* MulDelegateViewController.h */ = {isa = PBXFileReference; lastKnownFileType = sourcecode.c.h; path = MulDelegateViewController.h; sourceTree = "<group>"; };
		C21F3941264E1AC8004F6BD1 /* MulDelegateViewController.m */ = {isa = PBXFileReference; lastKnownFileType = sourcecode.c.objc; path = MulDelegateViewController.m; sourceTree = "<group>"; };
		C21F39B9264E650A004F6BD1 /* TeseSingleInstanceModel.h */ = {isa = PBXFileReference; lastKnownFileType = sourcecode.c.h; path = TeseSingleInstanceModel.h; sourceTree = "<group>"; };
		C21F39BA264E650A004F6BD1 /* TeseSingleInstanceModel.m */ = {isa = PBXFileReference; lastKnownFileType = sourcecode.c.objc; path = TeseSingleInstanceModel.m; sourceTree = "<group>"; };
		C272A641265F72FD00F40CBE /* BlurryViewController.h */ = {isa = PBXFileReference; lastKnownFileType = sourcecode.c.h; path = BlurryViewController.h; sourceTree = "<group>"; };
		C272A642265F72FD00F40CBE /* BlurryViewController.m */ = {isa = PBXFileReference; lastKnownFileType = sourcecode.c.objc; path = BlurryViewController.m; sourceTree = "<group>"; };
		C296D358265245DD0043A0B0 /* TestDemoDelegate.h */ = {isa = PBXFileReference; lastKnownFileType = sourcecode.c.h; path = TestDemoDelegate.h; sourceTree = "<group>"; };
		C296D35D265246B30043A0B0 /* ShowTestDemo1.h */ = {isa = PBXFileReference; lastKnownFileType = sourcecode.c.h; path = ShowTestDemo1.h; sourceTree = "<group>"; };
		C296D35E265246B30043A0B0 /* ShowTestDemo1.m */ = {isa = PBXFileReference; lastKnownFileType = sourcecode.c.objc; path = ShowTestDemo1.m; sourceTree = "<group>"; };
		C296D361265246C10043A0B0 /* ShowTestDemo2.h */ = {isa = PBXFileReference; lastKnownFileType = sourcecode.c.h; path = ShowTestDemo2.h; sourceTree = "<group>"; };
		C296D362265246C10043A0B0 /* ShowTestDemo2.m */ = {isa = PBXFileReference; lastKnownFileType = sourcecode.c.objc; path = ShowTestDemo2.m; sourceTree = "<group>"; };
		C29EC58F264525A200B7E26D /* ZJDownloadOperation.m */ = {isa = PBXFileReference; fileEncoding = 4; lastKnownFileType = sourcecode.c.objc; path = ZJDownloadOperation.m; sourceTree = "<group>"; };
		C29EC590264525A200B7E26D /* ZJDownloadermanager.m */ = {isa = PBXFileReference; fileEncoding = 4; lastKnownFileType = sourcecode.c.objc; path = ZJDownloadermanager.m; sourceTree = "<group>"; };
		C29EC591264525A200B7E26D /* ZJFileManager.m */ = {isa = PBXFileReference; fileEncoding = 4; lastKnownFileType = sourcecode.c.objc; path = ZJFileManager.m; sourceTree = "<group>"; };
		C29EC592264525A200B7E26D /* ZJDownloadModel.h */ = {isa = PBXFileReference; fileEncoding = 4; lastKnownFileType = sourcecode.c.h; path = ZJDownloadModel.h; sourceTree = "<group>"; };
		C29EC593264525A200B7E26D /* ZJDownloadermanager.h */ = {isa = PBXFileReference; fileEncoding = 4; lastKnownFileType = sourcecode.c.h; path = ZJDownloadermanager.h; sourceTree = "<group>"; };
		C29EC594264525A200B7E26D /* ZJDownloadOperation.h */ = {isa = PBXFileReference; fileEncoding = 4; lastKnownFileType = sourcecode.c.h; path = ZJDownloadOperation.h; sourceTree = "<group>"; };
		C29EC595264525A200B7E26D /* ZJFileManager.h */ = {isa = PBXFileReference; fileEncoding = 4; lastKnownFileType = sourcecode.c.h; path = ZJFileManager.h; sourceTree = "<group>"; };
		C29EC596264525A200B7E26D /* ZJDownloadDefine.h */ = {isa = PBXFileReference; fileEncoding = 4; lastKnownFileType = sourcecode.c.h; path = ZJDownloadDefine.h; sourceTree = "<group>"; };
		C29EC597264525A200B7E26D /* ZJDownloadModel.m */ = {isa = PBXFileReference; fileEncoding = 4; lastKnownFileType = sourcecode.c.objc; path = ZJDownloadModel.m; sourceTree = "<group>"; };
		C29EC59D2645265700B7E26D /* DownloadViewController.h */ = {isa = PBXFileReference; lastKnownFileType = sourcecode.c.h; path = DownloadViewController.h; sourceTree = "<group>"; };
		C29EC59E2645265700B7E26D /* DownloadViewController.m */ = {isa = PBXFileReference; lastKnownFileType = sourcecode.c.objc; path = DownloadViewController.m; sourceTree = "<group>"; };
		C29EC5AA26452F6400B7E26D /* RACTestViewController.h */ = {isa = PBXFileReference; lastKnownFileType = sourcecode.c.h; path = RACTestViewController.h; sourceTree = "<group>"; };
		C29EC5AB26452F6400B7E26D /* RACTestViewController.m */ = {isa = PBXFileReference; lastKnownFileType = sourcecode.c.objc; path = RACTestViewController.m; sourceTree = "<group>"; };
		C2A9B8C7267C6BE40050B198 /* InPurchseViewController.h */ = {isa = PBXFileReference; lastKnownFileType = sourcecode.c.h; path = InPurchseViewController.h; sourceTree = "<group>"; };
		C2A9B8C8267C6BE40050B198 /* InPurchseViewController.m */ = {isa = PBXFileReference; lastKnownFileType = sourcecode.c.objc; path = InPurchseViewController.m; sourceTree = "<group>"; };
		C2A9B8CA267C71160050B198 /* KXInPurchaseManager.h */ = {isa = PBXFileReference; lastKnownFileType = sourcecode.c.h; path = KXInPurchaseManager.h; sourceTree = "<group>"; };
		C2A9B8CB267C71160050B198 /* KXInPurchaseManager.m */ = {isa = PBXFileReference; lastKnownFileType = sourcecode.c.objc; path = KXInPurchaseManager.m; sourceTree = "<group>"; };
		C2D3AE4226662B29005DC10F /* ECOEmployee.h */ = {isa = PBXFileReference; lastKnownFileType = sourcecode.c.h; path = ECOEmployee.h; sourceTree = "<group>"; };
		C2D3AE4326662B29005DC10F /* ECOEmployee.m */ = {isa = PBXFileReference; lastKnownFileType = sourcecode.c.objc; path = ECOEmployee.m; sourceTree = "<group>"; };
		C3C86E274EF3D4C3C6687536 /* Pods-KVOTestModel.release.xcconfig */ = {isa = PBXFileReference; includeInIndex = 1; lastKnownFileType = text.xcconfig; name = "Pods-KVOTestModel.release.xcconfig"; path = "Target Support Files/Pods-KVOTestModel/Pods-KVOTestModel.release.xcconfig"; sourceTree = "<group>"; };
/* End PBXFileReference section */

/* Begin PBXFrameworksBuildPhase section */
		389A750F23502DD500DDBE6C /* Frameworks */ = {
			isa = PBXFrameworksBuildPhase;
			buildActionMask = 2147483647;
			files = (
				37FBC0A0314040FFB7A51064 /* libPods-KVOTestModel.a in Frameworks */,
			);
			runOnlyForDeploymentPostprocessing = 0;
		};
/* End PBXFrameworksBuildPhase section */

/* Begin PBXGroup section */
		15670685DEF11B4D46FD7D66 /* Frameworks */ = {
			isa = PBXGroup;
			children = (
				38CD08B3243DA9EF009429C9 /* FMDB.framework */,
				4E631DEFA014AA2CB18B3C8B /* libPods-KVOTestModel.a */,
			);
			name = Frameworks;
			sourceTree = "<group>";
		};
		3807427A24B6C38300968CF5 /* images */ = {
			isa = PBXGroup;
			children = (
				38A2C85024811BE000E408BB /* QDFirstLeaderView.h */,
				38A2C84F24811BE000E408BB /* QDFirstLeaderView.m */,
				38A2C85324811C1100E408BB /* first_user_lead_konw@2x.png */,
				38A2C85724811C1300E408BB /* first_user_lead_konw@3x.png */,
				38A2C85624811C1200E408BB /* first_user_lead_show_image@2x.gif */,
				38A2C85424811C1200E408BB /* first_user_lead_title@2x.png */,
				38A2C85524811C1200E408BB /* first_user_lead_title@3x.png */,
			);
			path = images;
			sourceTree = "<group>";
		};
		3807427B24B6C3A600968CF5 /* 差值算法 */ = {
			isa = PBXGroup;
			children = (
				383B11F2239793F400E9DCB9 /* qt_data.db */,
				383B11CC23975FE400E9DCB9 /* aho_corasick.hpp */,
				383B11CD23975FEF00E9DCB9 /* benchmark.cpp */,
				383B11EF23978E6F00E9DCB9 /* DebenDataManager.h */,
				383B11F023978E6F00E9DCB9 /* DebenDataManager.m */,
				383B11FC2398A3A600E9DCB9 /* CorasickTreeManager.h */,
				383B11FD2398A3A600E9DCB9 /* CorasickTreeManager.mm */,
				383B11FF2398A82800E9DCB9 /* SortCodeManager.h */,
				383B12002398A82800E9DCB9 /* SortCodeManager.m */,
			);
			path = "差值算法";
			sourceTree = "<group>";
		};
		3807427C24B6C3D400968CF5 /* ClassTest */ = {
			isa = PBXGroup;
			children = (
				382A1AD92445C9C70017EA2B /* QQLockDictionary.h */,
				382A1AD82445C9C70017EA2B /* QQLockDictionary.m */,
				389A752E23502E1900DDBE6C /* Person.h */,
				389A752F23502E1900DDBE6C /* Person.m */,
				38CD08B0243DA84F009429C9 /* Person+Custom.h */,
				38CD08B1243DA84F009429C9 /* Person+Custom.m */,
				38980BB8253056DD00F75BB4 /* ClassTestViewController.h */,
				38980BB9253056DD00F75BB4 /* ClassTestViewController.m */,
			);
			path = ClassTest;
			sourceTree = "<group>";
		};
		380742C424B81FE700968CF5 /* View */ = {
			isa = PBXGroup;
			children = (
				3807427724B6B6E700968CF5 /* QDUISearchBar.h */,
				3807427824B6B6E700968CF5 /* QDUISearchBar.m */,
				3807428124B7185D00968CF5 /* QDSearchResultCell.h */,
				3807428224B7185D00968CF5 /* QDSearchResultCell.m */,
				380742C124B81ED200968CF5 /* QDUISearchResultView.h */,
				380742C224B81ED200968CF5 /* QDUISearchResultView.m */,
				380742C724B8202C00968CF5 /* QDUISearchEmptyView.h */,
				380742C824B8202C00968CF5 /* QDUISearchEmptyView.m */,
				38B2B95624BD4C9E00F0F52F /* QDDepartmentListView.h */,
				38B2B95724BD4C9E00F0F52F /* QDDepartmentListView.m */,
				38B2BA7B24BD97B200F0F52F /* QDTableFooterView.h */,
				38B2BA7C24BD97B200F0F52F /* QDTableFooterView.m */,
			);
			path = View;
			sourceTree = "<group>";
		};
		380742C524B81FF400968CF5 /* Controller */ = {
			isa = PBXGroup;
			children = (
				3807427524B6B69C00968CF5 /* QDBaseSearchViewController.h */,
				3807427424B6B69C00968CF5 /* QDBaseSearchViewController.m */,
				38B2B6F824BC412000F0F52F /* QDSearchMoreViewController.h */,
				38B2B6F924BC412000F0F52F /* QDSearchMoreViewController.m */,
			);
			path = Controller;
			sourceTree = "<group>";
		};
		380742C624B81FFD00968CF5 /* Model */ = {
			isa = PBXGroup;
			children = (
				3807427E24B6F10C00968CF5 /* QDSearchResultModel.h */,
				3807427F24B6F10C00968CF5 /* QDSearchResultModel.m */,
			);
			path = Model;
			sourceTree = "<group>";
		};
		380742CA24B8585100968CF5 /* CustomView */ = {
			isa = PBXGroup;
			children = (
				380742CB24B8588900968CF5 /* UIButton+ChangeImagePosition.h */,
				380742CC24B8588900968CF5 /* UIButton+ChangeImagePosition.m */,
			);
			path = CustomView;
			sourceTree = "<group>";
		};
		380B2B8C25C29FD2001EAF3F /* BlockTest */ = {
			isa = PBXGroup;
			children = (
				380B2B8E25C2A003001EAF3F /* TestBlockViewController.h */,
				380B2B8F25C2A003001EAF3F /* TestBlockViewController.m */,
				380B2B9225C2A235001EAF3F /* BlockModelTest.h */,
				380B2B9325C2A235001EAF3F /* BlockModelTest.m */,
			);
			path = BlockTest;
			sourceTree = "<group>";
		};
		380C0F6E24B6B60100CAAAB4 /* QDSearch */ = {
			isa = PBXGroup;
			children = (
				380742CA24B8585100968CF5 /* CustomView */,
				380742C624B81FFD00968CF5 /* Model */,
				380742C524B81FF400968CF5 /* Controller */,
				380742C424B81FE700968CF5 /* View */,
			);
			path = QDSearch;
			sourceTree = "<group>";
		};
		386B3DCB254A69640063DF3C /* ConfigurationTest */ = {
			isa = PBXGroup;
			children = (
				386B3DCC254A69910063DF3C /* ConfigurationViewController.h */,
				386B3DCD254A69910063DF3C /* ConfigurationViewController.m */,
				386B3DD0254A69BB0063DF3C /* TestConfigurationCell.h */,
				386B3DD1254A69BB0063DF3C /* TestConfigurationCell.m */,
			);
			path = ConfigurationTest;
			sourceTree = "<group>";
		};
		389A750923502DD500DDBE6C = {
			isa = PBXGroup;
			children = (
				389A751423502DD500DDBE6C /* KVOTestModel */,
				389A751323502DD500DDBE6C /* Products */,
				951556380C00FC74BA92BE0B /* Pods */,
				15670685DEF11B4D46FD7D66 /* Frameworks */,
			);
			sourceTree = "<group>";
		};
		389A751323502DD500DDBE6C /* Products */ = {
			isa = PBXGroup;
			children = (
				389A751223502DD500DDBE6C /* KVOTestModel.app */,
			);
			name = Products;
			sourceTree = "<group>";
		};
		389A751423502DD500DDBE6C /* KVOTestModel */ = {
			isa = PBXGroup;
			children = (
				C2A9B8C6267C6B8F0050B198 /* InPurchse */,
				C272A640265F72CF00F40CBE /* BlurryImage */,
				C21F393F264E1A95004F6BD1 /* MultDelegateMode */,
				C21F3877264BEE7B004F6BD1 /* MessageSend */,
				C21F379B264BAD30004F6BD1 /* KXMoudleProtocol */,
				C21F3709264A388F004F6BD1 /* VoiceChatRoom */,
				C29EC5A926452F4F00B7E26D /* ReactiveTest */,
				C29EC58E264525A200B7E26D /* NSOperationManager */,
				380B2B8C25C29FD2001EAF3F /* BlockTest */,
				38E015F5257A119B00C52175 /* CodingTest */,
				38E015F02578E8FC00C52175 /* UIKartu */,
				386B3DCB254A69640063DF3C /* ConfigurationTest */,
				3807427C24B6C3D400968CF5 /* ClassTest */,
				3807427B24B6C3A600968CF5 /* 差值算法 */,
				3807427A24B6C38300968CF5 /* images */,
				380C0F6E24B6B60100CAAAB4 /* QDSearch */,
				38A2C85E2481F4F200E408BB /* ShowSystemCondition */,
				389A751523502DD500DDBE6C /* AppDelegate.h */,
				389A751623502DD500DDBE6C /* AppDelegate.m */,
				389A751B23502DD500DDBE6C /* ViewController.h */,
				389A751C23502DD500DDBE6C /* ViewController.m */,
				389A752123502DDA00DDBE6C /* Assets.xcassets */,
				389A752323502DDA00DDBE6C /* LaunchScreen.storyboard */,
				389A752623502DDA00DDBE6C /* Info.plist */,
				389A752723502DDA00DDBE6C /* main.mm */,
				38A3B59523AA1C6E00430F97 /* MyShowLocation.gpx */,
				3807427D24B6C60900968CF5 /* KVOTestModel_header.h */,
				380742BE24B8174100968CF5 /* ZJBaseViewController.h */,
				380742BF24B8174100968CF5 /* ZJBaseViewController.m */,
			);
			path = KVOTestModel;
			sourceTree = "<group>";
		};
		38A2C85E2481F4F200E408BB /* ShowSystemCondition */ = {
			isa = PBXGroup;
			children = (
				38A2C8622481F4F200E408BB /* LHPerformanceUtil.h */,
				38A2C85F2481F4F200E408BB /* LHPerformanceUtil.m */,
				38A2C8642481F4F200E408BB /* ZJPreformLabel.h */,
				38A2C8602481F4F200E408BB /* ZJPreformLabel.m */,
				38A2C8612481F4F200E408BB /* ZJPopView.h */,
				38A2C8632481F4F200E408BB /* ZJPopView.m */,
			);
			path = ShowSystemCondition;
			sourceTree = "<group>";
		};
		38E015F02578E8FC00C52175 /* UIKartu */ = {
			isa = PBXGroup;
			children = (
				38E015F22578E8FC00C52175 /* UIMonitorinManager.h */,
				38E015F12578E8FC00C52175 /* UIMonitorinManager.m */,
			);
			path = UIKartu;
			sourceTree = "<group>";
		};
		38E015F5257A119B00C52175 /* CodingTest */ = {
			isa = PBXGroup;
			children = (
				38E015F8257A11C000C52175 /* TestCodeViewController.h */,
				38E015F9257A11C000C52175 /* TestCodeViewController.m */,
				38E015FC257A11DB00C52175 /* CodePersonModel.h */,
				38E015FD257A11DB00C52175 /* CodePersonModel.m */,
				38E01600257A11EF00C52175 /* CodeStudentModel.h */,
				38E01601257A11EF00C52175 /* CodeStudentModel.m */,
				38E01604257A131D00C52175 /* NSObject+Coding.h */,
				38E01605257A131D00C52175 /* NSObject+Coding.m */,
			);
			path = CodingTest;
			sourceTree = "<group>";
		};
		951556380C00FC74BA92BE0B /* Pods */ = {
			isa = PBXGroup;
			children = (
				B8EB8B5647A921C1097C5650 /* Pods-KVOTestModel.debug.xcconfig */,
				C3C86E274EF3D4C3C6687536 /* Pods-KVOTestModel.release.xcconfig */,
			);
			path = Pods;
			sourceTree = "<group>";
		};
		C21F3709264A388F004F6BD1 /* VoiceChatRoom */ = {
			isa = PBXGroup;
			children = (
				C21F372A264A3A10004F6BD1 /* KXLiveRoomViewController.h */,
				C21F372B264A3A10004F6BD1 /* KXLiveRoomViewController.m */,
				C21F370D264A388F004F6BD1 /* KXVoiceChatRoomViewController.h */,
				C21F3716264A388F004F6BD1 /* KXVoiceChatRoomViewController.m */,
				C21F370A264A388F004F6BD1 /* KXVoiceManager.h */,
				C21F370E264A388F004F6BD1 /* KXVoiceManager.m */,
				C21F370B264A388F004F6BD1 /* KXVoicePersonModel.h */,
				C21F3715264A388F004F6BD1 /* KXVoicePersonModel.m */,
				C21F370C264A388F004F6BD1 /* KXVoiceSeatModel.h */,
				C21F3714264A388F004F6BD1 /* KXVoiceSeatModel.m */,
				C21F370F264A388F004F6BD1 /* View */,
			);
			path = VoiceChatRoom;
			sourceTree = "<group>";
		};
		C21F370F264A388F004F6BD1 /* View */ = {
			isa = PBXGroup;
			children = (
				C21F3710264A388F004F6BD1 /* KXVoiceGuestCell.h */,
				C21F3712264A388F004F6BD1 /* KXVoiceGuestCell.m */,
				C21F3735264A61B8004F6BD1 /* KXRippleView.h */,
				C21F3736264A61B8004F6BD1 /* KXRippleView.m */,
				C21F38FB264CF3B6004F6BD1 /* KXShowAnimationView.h */,
				C21F38FC264CF3B6004F6BD1 /* KXShowAnimationView.m */,
			);
			path = View;
			sourceTree = "<group>";
		};
		C21F379B264BAD30004F6BD1 /* KXMoudleProtocol */ = {
			isa = PBXGroup;
			children = (
				C21F379C264BADBA004F6BD1 /* KXModuleOrz */,
				C21F37B2264BAE25004F6BD1 /* KXMoudleProtocolViewController.h */,
				C21F37B3264BAE25004F6BD1 /* KXMoudleProtocolViewController.m */,
				C21F37B7264BB6BF004F6BD1 /* KXMoudleProtocolTestModel.h */,
				C21F37B8264BB6BF004F6BD1 /* KXMoudleProtocolTestModel.m */,
			);
			path = KXMoudleProtocol;
			sourceTree = "<group>";
		};
		C21F379C264BADBA004F6BD1 /* KXModuleOrz */ = {
			isa = PBXGroup;
			children = (
				C21F379D264BADBA004F6BD1 /* LICENSE */,
				C21F379E264BADBA004F6BD1 /* README.md */,
				C21F379F264BADBA004F6BD1 /* KXModuleOrz */,
			);
			path = KXModuleOrz;
			sourceTree = "<group>";
		};
		C21F379F264BADBA004F6BD1 /* KXModuleOrz */ = {
			isa = PBXGroup;
			children = (
				C21F37A0264BADBA004F6BD1 /* Classes */,
			);
			path = KXModuleOrz;
			sourceTree = "<group>";
		};
		C21F37A0264BADBA004F6BD1 /* Classes */ = {
			isa = PBXGroup;
			children = (
				C21F37A1264BADBA004F6BD1 /* Core */,
				C21F37A9264BADBA004F6BD1 /* KXModuleOrz.h */,
				C21F37AA264BADBA004F6BD1 /* KXModuleOrz.m */,
			);
			path = Classes;
			sourceTree = "<group>";
		};
		C21F37A1264BADBA004F6BD1 /* Core */ = {
			isa = PBXGroup;
			children = (
				C21F37A6264BADBA004F6BD1 /* KXModuleDefinition.h */,
				C21F37A2264BADBA004F6BD1 /* KXModuleDefinition.m */,
				C21F37A3264BADBA004F6BD1 /* KXModuleManager.h */,
				C21F37A5264BADBA004F6BD1 /* KXModuleManager.m */,
				C21F37A8264BADBA004F6BD1 /* KXModuleProtocol.h */,
				C21F37A4264BADBA004F6BD1 /* KXModuleQAService.h */,
				C21F37A7264BADBA004F6BD1 /* KXModuleQAService.m */,
			);
			path = Core;
			sourceTree = "<group>";
		};
		C21F3877264BEE7B004F6BD1 /* MessageSend */ = {
			isa = PBXGroup;
			children = (
				C21F390A264D2830004F6BD1 /* ZJMessageService */,
				C21F3878264BEE9F004F6BD1 /* MessageSendViewController.h */,
				C21F3879264BEE9F004F6BD1 /* MessageSendViewController.m */,
				C21F3892264BF688004F6BD1 /* SendPersonModel.h */,
				C21F3893264BF688004F6BD1 /* SendPersonModel.m */,
				C21F3896264BFE51004F6BD1 /* SecondModel.h */,
				C21F3897264BFE51004F6BD1 /* SecondModel.m */,
				C21F391E264D4091004F6BD1 /* TestServiceManagerModel.h */,
				C21F391F264D4091004F6BD1 /* TestServiceManagerModel.m */,
				C21F3922264D4107004F6BD1 /* TestServiceProtocol.h */,
				C21F39B9264E650A004F6BD1 /* TeseSingleInstanceModel.h */,
				C21F39BA264E650A004F6BD1 /* TeseSingleInstanceModel.m */,
			);
			path = MessageSend;
			sourceTree = "<group>";
		};
		C21F390A264D2830004F6BD1 /* ZJMessageService */ = {
			isa = PBXGroup;
			children = (
				C21F390B264D299A004F6BD1 /* ZJServiceModel.h */,
				C21F390C264D299A004F6BD1 /* ZJServiceModel.m */,
				C21F3910264D2E2B004F6BD1 /* ZJServiceEvent.h */,
				C21F3911264D2E2B004F6BD1 /* ZJServiceEvent.m */,
				C21F3914264D2F53004F6BD1 /* ZJServiceProtocol.h */,
				C21F391A264D3EF6004F6BD1 /* ZJServiceManager.h */,
				C21F391B264D3EF6004F6BD1 /* ZJServiceManager.m */,
				C21F3924264D4719004F6BD1 /* ZJAnswerDefine.h */,
				C21F3925264D4719004F6BD1 /* ZJAnswerDefine.m */,
			);
			path = ZJMessageService;
			sourceTree = "<group>";
		};
		C21F393F264E1A95004F6BD1 /* MultDelegateMode */ = {
			isa = PBXGroup;
			children = (
				C296D34D26523C270043A0B0 /* MultiDelegateModel */,
				C21F3940264E1AC8004F6BD1 /* MulDelegateViewController.h */,
				C21F3941264E1AC8004F6BD1 /* MulDelegateViewController.m */,
			);
			path = MultDelegateMode;
			sourceTree = "<group>";
		};
		C272A640265F72CF00F40CBE /* BlurryImage */ = {
			isa = PBXGroup;
			children = (
				C272A641265F72FD00F40CBE /* BlurryViewController.h */,
				C272A642265F72FD00F40CBE /* BlurryViewController.m */,
			);
			path = BlurryImage;
			sourceTree = "<group>";
		};
		C296D34D26523C270043A0B0 /* MultiDelegateModel */ = {
			isa = PBXGroup;
			children = (
				C296D358265245DD0043A0B0 /* TestDemoDelegate.h */,
				C296D35D265246B30043A0B0 /* ShowTestDemo1.h */,
				C296D35E265246B30043A0B0 /* ShowTestDemo1.m */,
				C296D361265246C10043A0B0 /* ShowTestDemo2.h */,
				C296D362265246C10043A0B0 /* ShowTestDemo2.m */,
				C2D3AE4226662B29005DC10F /* ECOEmployee.h */,
				C2D3AE4326662B29005DC10F /* ECOEmployee.m */,
			);
			path = MultiDelegateModel;
			sourceTree = "<group>";
		};
		C29EC58E264525A200B7E26D /* NSOperationManager */ = {
			isa = PBXGroup;
			children = (
				C29EC594264525A200B7E26D /* ZJDownloadOperation.h */,
				C29EC58F264525A200B7E26D /* ZJDownloadOperation.m */,
				C29EC593264525A200B7E26D /* ZJDownloadermanager.h */,
				C29EC590264525A200B7E26D /* ZJDownloadermanager.m */,
				C29EC595264525A200B7E26D /* ZJFileManager.h */,
				C29EC591264525A200B7E26D /* ZJFileManager.m */,
				C29EC596264525A200B7E26D /* ZJDownloadDefine.h */,
				C29EC592264525A200B7E26D /* ZJDownloadModel.h */,
				C29EC597264525A200B7E26D /* ZJDownloadModel.m */,
				C29EC59D2645265700B7E26D /* DownloadViewController.h */,
				C29EC59E2645265700B7E26D /* DownloadViewController.m */,
			);
			path = NSOperationManager;
			sourceTree = "<group>";
		};
		C29EC5A926452F4F00B7E26D /* ReactiveTest */ = {
			isa = PBXGroup;
			children = (
				C29EC5AF2645308C00B7E26D /* RACMVVM */,
				C29EC5AA26452F6400B7E26D /* RACTestViewController.h */,
				C29EC5AB26452F6400B7E26D /* RACTestViewController.m */,
			);
			path = ReactiveTest;
			sourceTree = "<group>";
		};
		C29EC5AF2645308C00B7E26D /* RACMVVM */ = {
			isa = PBXGroup;
			children = (
			);
			path = RACMVVM;
			sourceTree = "<group>";
		};
		C2A9B8C6267C6B8F0050B198 /* InPurchse */ = {
			isa = PBXGroup;
			children = (
				C2A9B8C7267C6BE40050B198 /* InPurchseViewController.h */,
				C2A9B8C8267C6BE40050B198 /* InPurchseViewController.m */,
				C2A9B8CA267C71160050B198 /* KXInPurchaseManager.h */,
				C2A9B8CB267C71160050B198 /* KXInPurchaseManager.m */,
			);
			path = InPurchse;
			sourceTree = "<group>";
		};
/* End PBXGroup section */

/* Begin PBXNativeTarget section */
		389A751123502DD500DDBE6C /* KVOTestModel */ = {
			isa = PBXNativeTarget;
			buildConfigurationList = 389A752B23502DDA00DDBE6C /* Build configuration list for PBXNativeTarget "KVOTestModel" */;
			buildPhases = (
				7CE17B7EFE3C887D3B2B8B90 /* [CP] Check Pods Manifest.lock */,
				389A750E23502DD500DDBE6C /* Sources */,
				389A750F23502DD500DDBE6C /* Frameworks */,
				389A751023502DD500DDBE6C /* Resources */,
			);
			buildRules = (
			);
			dependencies = (
			);
			name = KVOTestModel;
			productName = KVOTestModel;
			productReference = 389A751223502DD500DDBE6C /* KVOTestModel.app */;
			productType = "com.apple.product-type.application";
		};
/* End PBXNativeTarget section */

/* Begin PBXProject section */
		389A750A23502DD500DDBE6C /* Project object */ = {
			isa = PBXProject;
			attributes = {
				LastUpgradeCheck = 1110;
				ORGANIZATIONNAME = zhangjiang;
				TargetAttributes = {
					389A751123502DD500DDBE6C = {
						CreatedOnToolsVersion = 11.1;
					};
				};
			};
			buildConfigurationList = 389A750D23502DD500DDBE6C /* Build configuration list for PBXProject "KVOTestModel" */;
			compatibilityVersion = "Xcode 9.3";
			developmentRegion = en;
			hasScannedForEncodings = 0;
			knownRegions = (
				en,
				Base,
			);
			mainGroup = 389A750923502DD500DDBE6C;
			productRefGroup = 389A751323502DD500DDBE6C /* Products */;
			projectDirPath = "";
			projectRoot = "";
			targets = (
				389A751123502DD500DDBE6C /* KVOTestModel */,
			);
		};
/* End PBXProject section */

/* Begin PBXResourcesBuildPhase section */
		389A751023502DD500DDBE6C /* Resources */ = {
			isa = PBXResourcesBuildPhase;
			buildActionMask = 2147483647;
			files = (
				38A2C85D24811C1300E408BB /* first_user_lead_konw@3x.png in Resources */,
				38A2C85924811C1300E408BB /* first_user_lead_konw@2x.png in Resources */,
				389A752523502DDA00DDBE6C /* LaunchScreen.storyboard in Resources */,
				389A752223502DDA00DDBE6C /* Assets.xcassets in Resources */,
				C21F37AB264BADBA004F6BD1 /* LICENSE in Resources */,
				383B11F3239793F500E9DCB9 /* qt_data.db in Resources */,
				38A2C85C24811C1300E408BB /* first_user_lead_show_image@2x.gif in Resources */,
				38A2C85A24811C1300E408BB /* first_user_lead_title@2x.png in Resources */,
				38A2C85B24811C1300E408BB /* first_user_lead_title@3x.png in Resources */,
				C21F37AC264BADBA004F6BD1 /* README.md in Resources */,
				38A3B59623AA1C6E00430F97 /* MyShowLocation.gpx in Resources */,
			);
			runOnlyForDeploymentPostprocessing = 0;
		};
/* End PBXResourcesBuildPhase section */

/* Begin PBXShellScriptBuildPhase section */
		7CE17B7EFE3C887D3B2B8B90 /* [CP] Check Pods Manifest.lock */ = {
			isa = PBXShellScriptBuildPhase;
			buildActionMask = 12;
			files = (
			);
			inputFileListPaths = (
			);
			inputPaths = (
				"${PODS_PODFILE_DIR_PATH}/Podfile.lock",
				"${PODS_ROOT}/Manifest.lock",
			);
			name = "[CP] Check Pods Manifest.lock";
			outputFileListPaths = (
			);
			outputPaths = (
				"$(DERIVED_FILE_DIR)/Pods-KVOTestModel-checkManifestLockResult.txt",
			);
			runOnlyForDeploymentPostprocessing = 0;
			shellPath = /bin/sh;
			shellScript = "diff \"${PODS_PODFILE_DIR_PATH}/Podfile.lock\" \"${PODS_ROOT}/Manifest.lock\" > /dev/null\nif [ $? != 0 ] ; then\n    # print error to STDERR\n    echo \"error: The sandbox is not in sync with the Podfile.lock. Run 'pod install' or update your CocoaPods installation.\" >&2\n    exit 1\nfi\n# This output is used by Xcode 'outputs' to avoid re-running this script phase.\necho \"SUCCESS\" > \"${SCRIPT_OUTPUT_FILE_0}\"\n";
			showEnvVarsInLog = 0;
		};
/* End PBXShellScriptBuildPhase section */

/* Begin PBXSourcesBuildPhase section */
		389A750E23502DD500DDBE6C /* Sources */ = {
			isa = PBXSourcesBuildPhase;
			buildActionMask = 2147483647;
			files = (
				38E01602257A11EF00C52175 /* CodeStudentModel.m in Sources */,
				38A2C8662481F4F200E408BB /* ZJPreformLabel.m in Sources */,
				C21F371B264A3890004F6BD1 /* KXVoicePersonModel.m in Sources */,
				38B2B95824BD4C9E00F0F52F /* QDDepartmentListView.m in Sources */,
				C21F372C264A3A10004F6BD1 /* KXLiveRoomViewController.m in Sources */,
				C21F3717264A3890004F6BD1 /* KXVoiceManager.m in Sources */,
				C21F3926264D4719004F6BD1 /* ZJAnswerDefine.m in Sources */,
				C21F37AD264BADBA004F6BD1 /* KXModuleDefinition.m in Sources */,
				C21F39BB264E650A004F6BD1 /* TeseSingleInstanceModel.m in Sources */,
				C29EC5AC26452F6400B7E26D /* RACTestViewController.m in Sources */,
				C2D3AE4426662B29005DC10F /* ECOEmployee.m in Sources */,
				C21F391C264D3EF6004F6BD1 /* ZJServiceManager.m in Sources */,
				C296D35F265246B30043A0B0 /* ShowTestDemo1.m in Sources */,
				C29EC59B264525A200B7E26D /* ZJDownloadModel.m in Sources */,
				3807428324B7185D00968CF5 /* QDSearchResultCell.m in Sources */,
				38E01606257A131D00C52175 /* NSObject+Coding.m in Sources */,
				383B11F123978E6F00E9DCB9 /* DebenDataManager.m in Sources */,
				C21F37AE264BADBA004F6BD1 /* KXModuleManager.m in Sources */,
				3807427624B6B69C00968CF5 /* QDBaseSearchViewController.m in Sources */,
				C296D363265246C10043A0B0 /* ShowTestDemo2.m in Sources */,
				C29EC599264525A200B7E26D /* ZJDownloadermanager.m in Sources */,
				383B11FE2398A3A600E9DCB9 /* CorasickTreeManager.mm in Sources */,
				38A2C85124811BE100E408BB /* QDFirstLeaderView.m in Sources */,
				383B12012398A82800E9DCB9 /* SortCodeManager.m in Sources */,
				C21F37AF264BADBA004F6BD1 /* KXModuleQAService.m in Sources */,
				C21F37B4264BAE25004F6BD1 /* KXMoudleProtocolViewController.m in Sources */,
				380742C924B8202C00968CF5 /* QDUISearchEmptyView.m in Sources */,
				C21F3898264BFE51004F6BD1 /* SecondModel.m in Sources */,
				C21F371C264A3890004F6BD1 /* KXVoiceChatRoomViewController.m in Sources */,
				C21F3718264A3890004F6BD1 /* KXVoiceGuestCell.m in Sources */,
				C21F3737264A61B8004F6BD1 /* KXRippleView.m in Sources */,
				380B2B9425C2A235001EAF3F /* BlockModelTest.m in Sources */,
				C21F3920264D4091004F6BD1 /* TestServiceManagerModel.m in Sources */,
				38CD08B2243DA84F009429C9 /* Person+Custom.m in Sources */,
				389A751D23502DD500DDBE6C /* ViewController.m in Sources */,
				386B3DCE254A69910063DF3C /* ConfigurationViewController.m in Sources */,
				C21F390D264D299A004F6BD1 /* ZJServiceModel.m in Sources */,
				3807427924B6B6E700968CF5 /* QDUISearchBar.m in Sources */,
				C21F37B0264BADBA004F6BD1 /* KXModuleOrz.m in Sources */,
				C21F371A264A3890004F6BD1 /* KXVoiceSeatModel.m in Sources */,
				C29EC598264525A200B7E26D /* ZJDownloadOperation.m in Sources */,
				38A2C8652481F4F200E408BB /* LHPerformanceUtil.m in Sources */,
				38B2B6FA24BC412000F0F52F /* QDSearchMoreViewController.m in Sources */,
				38B2BA7D24BD97B300F0F52F /* QDTableFooterView.m in Sources */,
				380B2B9025C2A003001EAF3F /* TestBlockViewController.m in Sources */,
				C21F38FD264CF3B6004F6BD1 /* KXShowAnimationView.m in Sources */,
				38980BBA253056DD00F75BB4 /* ClassTestViewController.m in Sources */,
				380742CD24B8588900968CF5 /* UIButton+ChangeImagePosition.m in Sources */,
				C2A9B8C9267C6BE40050B198 /* InPurchseViewController.m in Sources */,
				C21F37B9264BB6BF004F6BD1 /* KXMoudleProtocolTestModel.m in Sources */,
				38A2C8672481F4F200E408BB /* ZJPopView.m in Sources */,
				C21F387A264BEE9F004F6BD1 /* MessageSendViewController.m in Sources */,
				380742C324B81ED200968CF5 /* QDUISearchResultView.m in Sources */,
				383B11CE23975FF000E9DCB9 /* benchmark.cpp in Sources */,
				3807428024B6F10C00968CF5 /* QDSearchResultModel.m in Sources */,
				38E015F32578E8FC00C52175 /* UIMonitorinManager.m in Sources */,
				386B3DD2254A69BB0063DF3C /* TestConfigurationCell.m in Sources */,
				38E015FE257A11DB00C52175 /* CodePersonModel.m in Sources */,
				380742C024B8174100968CF5 /* ZJBaseViewController.m in Sources */,
				38E015FA257A11C000C52175 /* TestCodeViewController.m in Sources */,
				C29EC59F2645265700B7E26D /* DownloadViewController.m in Sources */,
				382A1ADA2445C9C70017EA2B /* QQLockDictionary.m in Sources */,
				C272A643265F72FD00F40CBE /* BlurryViewController.m in Sources */,
				389A751723502DD500DDBE6C /* AppDelegate.m in Sources */,
				389A753023502E1900DDBE6C /* Person.m in Sources */,
				C29EC59A264525A200B7E26D /* ZJFileManager.m in Sources */,
				C2A9B8CC267C71160050B198 /* KXInPurchaseManager.m in Sources */,
				C21F3912264D2E2B004F6BD1 /* ZJServiceEvent.m in Sources */,
				C21F3894264BF688004F6BD1 /* SendPersonModel.m in Sources */,
				C21F3942264E1AC8004F6BD1 /* MulDelegateViewController.m in Sources */,
				389A752823502DDA00DDBE6C /* main.mm in Sources */,
			);
			runOnlyForDeploymentPostprocessing = 0;
		};
/* End PBXSourcesBuildPhase section */

/* Begin PBXVariantGroup section */
		389A752323502DDA00DDBE6C /* LaunchScreen.storyboard */ = {
			isa = PBXVariantGroup;
			children = (
				389A752423502DDA00DDBE6C /* Base */,
			);
			name = LaunchScreen.storyboard;
			sourceTree = "<group>";
		};
/* End PBXVariantGroup section */

/* Begin XCBuildConfiguration section */
		389A752923502DDA00DDBE6C /* Debug */ = {
			isa = XCBuildConfiguration;
			buildSettings = {
				ALWAYS_SEARCH_USER_PATHS = NO;
				CLANG_ANALYZER_NONNULL = YES;
				CLANG_ANALYZER_NUMBER_OBJECT_CONVERSION = YES_AGGRESSIVE;
				CLANG_CXX_LANGUAGE_STANDARD = "gnu++14";
				CLANG_CXX_LIBRARY = "libc++";
				CLANG_ENABLE_MODULES = YES;
				CLANG_ENABLE_OBJC_ARC = YES;
				CLANG_ENABLE_OBJC_WEAK = YES;
				CLANG_WARN_BLOCK_CAPTURE_AUTORELEASING = YES;
				CLANG_WARN_BOOL_CONVERSION = YES;
				CLANG_WARN_COMMA = YES;
				CLANG_WARN_CONSTANT_CONVERSION = YES;
				CLANG_WARN_DEPRECATED_OBJC_IMPLEMENTATIONS = YES;
				CLANG_WARN_DIRECT_OBJC_ISA_USAGE = YES_ERROR;
				CLANG_WARN_DOCUMENTATION_COMMENTS = YES;
				CLANG_WARN_EMPTY_BODY = YES;
				CLANG_WARN_ENUM_CONVERSION = YES;
				CLANG_WARN_INFINITE_RECURSION = YES;
				CLANG_WARN_INT_CONVERSION = YES;
				CLANG_WARN_NON_LITERAL_NULL_CONVERSION = YES;
				CLANG_WARN_OBJC_IMPLICIT_RETAIN_SELF = YES;
				CLANG_WARN_OBJC_LITERAL_CONVERSION = YES;
				CLANG_WARN_OBJC_ROOT_CLASS = YES_ERROR;
				CLANG_WARN_RANGE_LOOP_ANALYSIS = YES;
				CLANG_WARN_STRICT_PROTOTYPES = YES;
				CLANG_WARN_SUSPICIOUS_MOVE = YES;
				CLANG_WARN_UNGUARDED_AVAILABILITY = YES_AGGRESSIVE;
				CLANG_WARN_UNREACHABLE_CODE = YES;
				CLANG_WARN__DUPLICATE_METHOD_MATCH = YES;
				COPY_PHASE_STRIP = NO;
				DEBUG_INFORMATION_FORMAT = dwarf;
				ENABLE_STRICT_OBJC_MSGSEND = YES;
				ENABLE_TESTABILITY = YES;
				GCC_C_LANGUAGE_STANDARD = gnu11;
				GCC_DYNAMIC_NO_PIC = NO;
				GCC_NO_COMMON_BLOCKS = YES;
				GCC_OPTIMIZATION_LEVEL = 0;
				GCC_PREPROCESSOR_DEFINITIONS = (
					"DEBUG=1",
					"$(inherited)",
				);
				GCC_WARN_64_TO_32_BIT_CONVERSION = YES;
				GCC_WARN_ABOUT_RETURN_TYPE = YES_ERROR;
				GCC_WARN_UNDECLARED_SELECTOR = YES;
				GCC_WARN_UNINITIALIZED_AUTOS = YES_AGGRESSIVE;
				GCC_WARN_UNUSED_FUNCTION = YES;
				GCC_WARN_UNUSED_VARIABLE = YES;
				IPHONEOS_DEPLOYMENT_TARGET = 13.1;
				MTL_ENABLE_DEBUG_INFO = INCLUDE_SOURCE;
				MTL_FAST_MATH = YES;
				ONLY_ACTIVE_ARCH = YES;
				SDKROOT = iphoneos;
			};
			name = Debug;
		};
		389A752A23502DDA00DDBE6C /* Release */ = {
			isa = XCBuildConfiguration;
			buildSettings = {
				ALWAYS_SEARCH_USER_PATHS = NO;
				CLANG_ANALYZER_NONNULL = YES;
				CLANG_ANALYZER_NUMBER_OBJECT_CONVERSION = YES_AGGRESSIVE;
				CLANG_CXX_LANGUAGE_STANDARD = "gnu++14";
				CLANG_CXX_LIBRARY = "libc++";
				CLANG_ENABLE_MODULES = YES;
				CLANG_ENABLE_OBJC_ARC = YES;
				CLANG_ENABLE_OBJC_WEAK = YES;
				CLANG_WARN_BLOCK_CAPTURE_AUTORELEASING = YES;
				CLANG_WARN_BOOL_CONVERSION = YES;
				CLANG_WARN_COMMA = YES;
				CLANG_WARN_CONSTANT_CONVERSION = YES;
				CLANG_WARN_DEPRECATED_OBJC_IMPLEMENTATIONS = YES;
				CLANG_WARN_DIRECT_OBJC_ISA_USAGE = YES_ERROR;
				CLANG_WARN_DOCUMENTATION_COMMENTS = YES;
				CLANG_WARN_EMPTY_BODY = YES;
				CLANG_WARN_ENUM_CONVERSION = YES;
				CLANG_WARN_INFINITE_RECURSION = YES;
				CLANG_WARN_INT_CONVERSION = YES;
				CLANG_WARN_NON_LITERAL_NULL_CONVERSION = YES;
				CLANG_WARN_OBJC_IMPLICIT_RETAIN_SELF = YES;
				CLANG_WARN_OBJC_LITERAL_CONVERSION = YES;
				CLANG_WARN_OBJC_ROOT_CLASS = YES_ERROR;
				CLANG_WARN_RANGE_LOOP_ANALYSIS = YES;
				CLANG_WARN_STRICT_PROTOTYPES = YES;
				CLANG_WARN_SUSPICIOUS_MOVE = YES;
				CLANG_WARN_UNGUARDED_AVAILABILITY = YES_AGGRESSIVE;
				CLANG_WARN_UNREACHABLE_CODE = YES;
				CLANG_WARN__DUPLICATE_METHOD_MATCH = YES;
				COPY_PHASE_STRIP = NO;
				DEBUG_INFORMATION_FORMAT = "dwarf-with-dsym";
				ENABLE_NS_ASSERTIONS = NO;
				ENABLE_STRICT_OBJC_MSGSEND = YES;
				GCC_C_LANGUAGE_STANDARD = gnu11;
				GCC_NO_COMMON_BLOCKS = YES;
				GCC_WARN_64_TO_32_BIT_CONVERSION = YES;
				GCC_WARN_ABOUT_RETURN_TYPE = YES_ERROR;
				GCC_WARN_UNDECLARED_SELECTOR = YES;
				GCC_WARN_UNINITIALIZED_AUTOS = YES_AGGRESSIVE;
				GCC_WARN_UNUSED_FUNCTION = YES;
				GCC_WARN_UNUSED_VARIABLE = YES;
				IPHONEOS_DEPLOYMENT_TARGET = 13.1;
				MTL_ENABLE_DEBUG_INFO = NO;
				MTL_FAST_MATH = YES;
				SDKROOT = iphoneos;
				VALIDATE_PRODUCT = YES;
			};
			name = Release;
		};
		389A752C23502DDA00DDBE6C /* Debug */ = {
			isa = XCBuildConfiguration;
			baseConfigurationReference = B8EB8B5647A921C1097C5650 /* Pods-KVOTestModel.debug.xcconfig */;
			buildSettings = {
				ASSETCATALOG_COMPILER_APPICON_NAME = AppIcon;
				CLANG_CXX_LANGUAGE_STANDARD = "gnu++14";
				CLANG_CXX_LIBRARY = "libc++";
				CLANG_WARN_CXX0X_EXTENSIONS = YES;
				CLANG_WARN_RANGE_LOOP_ANALYSIS = NO;
				CLANG_WARN_SUSPICIOUS_MOVE = NO;
				CODE_SIGN_STYLE = Automatic;
				DEVELOPMENT_TEAM = B2G6WGLXZ7;
				GCC_C_LANGUAGE_STANDARD = gnu11;
				GCC_PREFIX_HEADER = "$(SRCROOT)/KVOTestModel/KVOTestModel_header.h";
				INFOPLIST_FILE = KVOTestModel/Info.plist;
				IPHONEOS_DEPLOYMENT_TARGET = 10.0;
				LD_RUNPATH_SEARCH_PATHS = (
					"$(inherited)",
					"@executable_path/Frameworks",
				);
				PRODUCT_BUNDLE_IDENTIFIER = cn.com.KVOTestModel;
				PRODUCT_NAME = "$(TARGET_NAME)";
				TARGETED_DEVICE_FAMILY = "1,2";
			};
			name = Debug;
		};
		389A752D23502DDA00DDBE6C /* Release */ = {
			isa = XCBuildConfiguration;
			baseConfigurationReference = C3C86E274EF3D4C3C6687536 /* Pods-KVOTestModel.release.xcconfig */;
			buildSettings = {
				ASSETCATALOG_COMPILER_APPICON_NAME = AppIcon;
				CLANG_CXX_LANGUAGE_STANDARD = "gnu++14";
				CLANG_CXX_LIBRARY = "libc++";
				CLANG_WARN_CXX0X_EXTENSIONS = YES;
				CLANG_WARN_RANGE_LOOP_ANALYSIS = NO;
				CLANG_WARN_SUSPICIOUS_MOVE = NO;
				CODE_SIGN_STYLE = Automatic;
				DEVELOPMENT_TEAM = B2G6WGLXZ7;
				GCC_C_LANGUAGE_STANDARD = gnu11;
				GCC_PREFIX_HEADER = "$(SRCROOT)/KVOTestModel/KVOTestModel_header.h";
				INFOPLIST_FILE = KVOTestModel/Info.plist;
				IPHONEOS_DEPLOYMENT_TARGET = 10.0;
				LD_RUNPATH_SEARCH_PATHS = (
					"$(inherited)",
					"@executable_path/Frameworks",
				);
				PRODUCT_BUNDLE_IDENTIFIER = cn.com.KVOTestModel;
				PRODUCT_NAME = "$(TARGET_NAME)";
				TARGETED_DEVICE_FAMILY = "1,2";
			};
			name = Release;
		};
/* End XCBuildConfiguration section */

/* Begin XCConfigurationList section */
		389A750D23502DD500DDBE6C /* Build configuration list for PBXProject "KVOTestModel" */ = {
			isa = XCConfigurationList;
			buildConfigurations = (
				389A752923502DDA00DDBE6C /* Debug */,
				389A752A23502DDA00DDBE6C /* Release */,
			);
			defaultConfigurationIsVisible = 0;
			defaultConfigurationName = Release;
		};
		389A752B23502DDA00DDBE6C /* Build configuration list for PBXNativeTarget "KVOTestModel" */ = {
			isa = XCConfigurationList;
			buildConfigurations = (
				389A752C23502DDA00DDBE6C /* Debug */,
				389A752D23502DDA00DDBE6C /* Release */,
			);
			defaultConfigurationIsVisible = 0;
			defaultConfigurationName = Release;
		};
/* End XCConfigurationList section */
	};
	rootObject = 389A750A23502DD500DDBE6C /* Project object */;
}
